
Microsoft Visual Studio Solution File, Format Version 12.00
# Visual Studio 15
VisualStudioVersion = 15.0.28306.52
MinimumVisualStudioVersion = 10.0.40219.1
Project("{8BC9CEB8-8B4A-11D0-8D11-00A0C91BC942}") = "LiveTraffic", "LiveTraffic.vcxproj", "{8962C600-1511-4D1B-B000-AB4140063481}"
EndProject
Global
	GlobalSection(SolutionConfigurationPlatforms) = preSolution
		Debug|x64 = Debug|x64
		Release|x64 = Release|x64
	EndGlobalSection
	GlobalSection(ProjectConfigurationPlatforms) = postSolution
		{8962C600-1511-4D1B-B000-AB4140063481}.Debug|x64.ActiveCfg = Debug|x64
		{8962C600-1511-4D1B-B000-AB4140063481}.Debug|x64.Build.0 = Debug|x64
		{8962C600-1511-4D1B-B000-AB4140063481}.Release|x64.ActiveCfg = Release|x64
		{8962C600-1511-4D1B-B000-AB4140063481}.Release|x64.Build.0 = Release|x64
	EndGlobalSection
	GlobalSection(SolutionProperties) = preSolution
		HideSolutionNode = FALSE
	EndGlobalSection
	GlobalSection(ExtensibilityGlobals) = postSolution
		SolutionGuid = {AB1FB8B2-33D4-4726-A71B-7816F9113C24}
	EndGlobalSection
EndGlobal
