<?xml version="1.0" encoding="utf-8"?>
<Project ToolsVersion="4.0" xmlns="http://schemas.microsoft.com/developer/msbuild/2003">
  <ItemGroup>
    <Filter Include="Source Files">
      <UniqueIdentifier>{4FC737F1-C7A5-4376-A066-2A32D752A2FF}</UniqueIdentifier>
      <Extensions>cpp;c;cc;cxx;def;odl;idl;hpj;bat;asm;asmx</Extensions>
    </Filter>
    <Filter Include="Header Files">
      <UniqueIdentifier>{93995380-89BD-4b04-88EB-625FBE52EBFB}</UniqueIdentifier>
      <Extensions>h;hh;hpp;hxx;hm;inl;inc;xsd</Extensions>
    </Filter>
    <Filter Include="Resource Files">
      <UniqueIdentifier>{67DA6AB6-F800-4c08-8B7A-83BB121AAD01}</UniqueIdentifier>
      <Extensions>rc;ico;cur;bmp;dlg;rc2;rct;bin;rgs;gif;jpg;jpeg;jpe;resx;tiff;tif;png;wav</Extensions>
    </Filter>
    <Filter Include="Resources">
      <UniqueIdentifier>{50ab93fd-ebe5-4767-98c9-f81193a338df}</UniqueIdentifier>
    </Filter>
    <Filter Include="Lib">
      <UniqueIdentifier>{17118021-020d-4e69-a42b-e9371ece2449}</UniqueIdentifier>
    </Filter>
    <Filter Include="Lib\ImGui">
      <UniqueIdentifier>{64035e60-470e-40b5-abe3-04adee7464a4}</UniqueIdentifier>
    </Filter>
    <Filter Include="Lib\ImgWindow">
      <UniqueIdentifier>{a093f39e-7934-4ccd-a376-9aeb9fa4ca1c}</UniqueIdentifier>
    </Filter>
    <Filter Include="Lib\parson">
      <UniqueIdentifier>{4b0a64ad-18e3-416a-bcca-def6f241d3b3}</UniqueIdentifier>
    </Filter>
    <Filter Include="Lib\base64">
      <UniqueIdentifier>{8799618c-edc5-4348-9a25-91ea817eab34}</UniqueIdentifier>
    </Filter>
  </ItemGroup>
  <ItemGroup>
    <ClCompile Include="src\ACInfoWnd.cpp">
      <Filter>Source Files</Filter>
    </ClCompile>
    <ClCompile Include="src\CoordCalc.cpp">
      <Filter>Source Files</Filter>
    </ClCompile>
    <ClCompile Include="src\DataRefs.cpp">
      <Filter>Source Files</Filter>
    </ClCompile>
    <ClCompile Include="src\LiveTraffic.cpp">
      <Filter>Source Files</Filter>
    </ClCompile>
    <ClCompile Include="src\LTAircraft.cpp">
      <Filter>Source Files</Filter>
    </ClCompile>
    <ClCompile Include="src\LTChannel.cpp">
      <Filter>Source Files</Filter>
    </ClCompile>
    <ClCompile Include="src\LTFlightData.cpp">
      <Filter>Source Files</Filter>
    </ClCompile>
    <ClCompile Include="src\LTMain.cpp">
      <Filter>Source Files</Filter>
    </ClCompile>
    <ClCompile Include="src\LTVersion.cpp">
      <Filter>Source Files</Filter>
    </ClCompile>
    <ClCompile Include="src\SettingsUI.cpp">
      <Filter>Source Files</Filter>
    </ClCompile>
    <ClCompile Include="src\TextIO.cpp">
      <Filter>Source Files</Filter>
    </ClCompile>
    <ClCompile Include="Src\LTADSBEx.cpp">
      <Filter>Source Files</Filter>
    </ClCompile>
    <ClCompile Include="Src\LTOpenSky.cpp">
      <Filter>Source Files</Filter>
    </ClCompile>
    <ClCompile Include="Src\LTRealTraffic.cpp">
      <Filter>Source Files</Filter>
    </ClCompile>
    <ClCompile Include="Src\Network.cpp">
      <Filter>Source Files</Filter>
    </ClCompile>
    <ClCompile Include="Src\LTForeFlight.cpp">
      <Filter>Source Files</Filter>
    </ClCompile>
    <ClCompile Include="Src\LTApt.cpp">
      <Filter>Source Files</Filter>
    </ClCompile>
    <ClCompile Include="Lib\ImGui\imgui.cpp">
      <Filter>Lib\ImGui</Filter>
    </ClCompile>
    <ClCompile Include="Lib\ImGui\imgui_draw.cpp">
      <Filter>Lib\ImGui</Filter>
    </ClCompile>
    <ClCompile Include="Lib\ImGui\imgui_widgets.cpp">
      <Filter>Lib\ImGui</Filter>
    </ClCompile>
    <ClCompile Include="Lib\ImGui\misc\cpp\imgui_stdlib.cpp">
      <Filter>Lib\ImGui</Filter>
    </ClCompile>
    <ClCompile Include="Lib\ImgWindow\ImgFontAtlas.cpp">
      <Filter>Lib\ImgWindow</Filter>
    </ClCompile>
    <ClCompile Include="Lib\ImgWindow\ImgWindow.cpp">
      <Filter>Lib\ImgWindow</Filter>
    </ClCompile>
    <ClCompile Include="Src\LTImgWindow.cpp">
      <Filter>Source Files</Filter>
    </ClCompile>
    <ClCompile Include="Lib\parson\parson.c">
      <Filter>Lib\parson</Filter>
    </ClCompile>
    <ClCompile Include="Src\ACTable.cpp">
      <Filter>Source Files</Filter>
    </ClCompile>
    <ClCompile Include="Src\InfoListWnd.cpp">
      <Filter>Source Files</Filter>
    </ClCompile>
    <ClCompile Include="Src\LTWeather.cpp">
      <Filter>Source Files</Filter>
    </ClCompile>
    <ClCompile Include="Src\LTOpenGlider.cpp">
      <Filter>Source Files</Filter>
    </ClCompile>
    <ClCompile Include="Src\LTFSCharter.cpp">
      <Filter>Source Files</Filter>
    </ClCompile>
    <ClCompile Include="Lib\base64\base64.c">
      <Filter>Lib\base64</Filter>
    </ClCompile>
  </ItemGroup>
  <ItemGroup>
    <ClInclude Include="include\ACInfoWnd.h">
      <Filter>Header Files</Filter>
    </ClInclude>
    <ClInclude Include="include\Constants.h">
      <Filter>Header Files</Filter>
    </ClInclude>
    <ClInclude Include="include\CoordCalc.h">
      <Filter>Header Files</Filter>
    </ClInclude>
    <ClInclude Include="include\DataRefs.h">
      <Filter>Header Files</Filter>
    </ClInclude>
    <ClInclude Include="include\LiveTraffic.h">
      <Filter>Header Files</Filter>
    </ClInclude>
    <ClInclude Include="include\LTAircraft.h">
      <Filter>Header Files</Filter>
    </ClInclude>
    <ClInclude Include="include\LTChannel.h">
      <Filter>Header Files</Filter>
    </ClInclude>
    <ClInclude Include="include\LTFlightData.h">
      <Filter>Header Files</Filter>
    </ClInclude>
    <ClInclude Include="include\SettingsUI.h">
      <Filter>Header Files</Filter>
    </ClInclude>
    <ClInclude Include="include\TextIO.h">
      <Filter>Header Files</Filter>
    </ClInclude>
    <ClInclude Include="resource.h">
      <Filter>Header Files</Filter>
    </ClInclude>
    <ClInclude Include="Include\LTADSBEx.h">
      <Filter>Header Files</Filter>
    </ClInclude>
    <ClInclude Include="Include\LTForeFlight.h">
      <Filter>Header Files</Filter>
    </ClInclude>
    <ClInclude Include="Include\LTOpenSky.h">
      <Filter>Header Files</Filter>
    </ClInclude>
    <ClInclude Include="Include\LTRealTraffic.h">
      <Filter>Header Files</Filter>
    </ClInclude>
    <ClInclude Include="Include\Network.h">
      <Filter>Header Files</Filter>
    </ClInclude>
    <ClInclude Include="Lib\LTAPI\LTAPI.h">
      <Filter>Header Files</Filter>
    </ClInclude>
    <ClInclude Include="Include\LTApt.h">
      <Filter>Header Files</Filter>
    </ClInclude>
    <ClInclude Include="Include\LTImgWindow.h">
      <Filter>Header Files</Filter>
    </ClInclude>
    <ClInclude Include="Lib\ImGui\imconfig.h">
      <Filter>Lib\ImGui</Filter>
    </ClInclude>
    <ClInclude Include="Lib\ImGui\imgui.h">
      <Filter>Lib\ImGui</Filter>
    </ClInclude>
    <ClInclude Include="Lib\ImgWindow\ImgFontAtlas.h">
      <Filter>Lib\ImgWindow</Filter>
    </ClInclude>
    <ClInclude Include="Lib\ImgWindow\ImgWindow.h">
      <Filter>Lib\ImgWindow</Filter>
    </ClInclude>
    <ClInclude Include="Lib\parson\parson.h">
      <Filter>Lib\parson</Filter>
    </ClInclude>
    <ClInclude Include="Include\ACTable.h">
      <Filter>Header Files</Filter>
    </ClInclude>
    <ClInclude Include="Include\InfoListWnd.h">
      <Filter>Header Files</Filter>
    </ClInclude>
    <ClInclude Include="Include\LTWeather.h">
      <Filter>Header Files</Filter>
    </ClInclude>
    <ClInclude Include="Include\LTOpenGlider.h">
      <Filter>Header Files</Filter>
    </ClInclude>
    <ClInclude Include="Include\LTFSCharter.h">
      <Filter>Header Files</Filter>
    </ClInclude>
    <ClInclude Include="Lib\base64\base64.h">
      <Filter>Lib\base64</Filter>
    </ClInclude>
  </ItemGroup>
  <ItemGroup>
    <ResourceCompile Include="LiveTraffic.rc">
      <Filter>Resource Files</Filter>
    </ResourceCompile>
  </ItemGroup>
  <ItemGroup>
    <Text Include="docs\Notes.txt">
      <Filter>Resources</Filter>
    </Text>
    <Text Include="Resources\model_typecode.txt">
      <Filter>Resources</Filter>
    </Text>
  </ItemGroup>
  <ItemGroup>
    <None Include="Resources\FlightModels.prf">
      <Filter>Resources</Filter>
    </None>
    <None Include="docs\readme.html">
      <Filter>Resources</Filter>
    </None>
  </ItemGroup>
</Project>