// !$*UTF8*$!
{
	archiveVersion = 1;
	classes = {
	};
	objectVersion = 46;
	objects = {

/* Begin PBXBuildFile section */
		25067F6B213F17FE004A861F /* TFWidgets.cpp in Sources */ = {isa = PBXBuildFile; fileRef = 25067F6A213F17FE004A861F /* TFWidgets.cpp */; };
		251531BD21B863F700B5968A /* mac.xpl in CopyFiles */ = {isa = PBXBuildFile; fileRef = D607B19909A556E400699BC3 /* mac.xpl */; };
		254EA4702083E403008A312F /* parson.c in Sources */ = {isa = PBXBuildFile; fileRef = 254EA46F2083E403008A312F /* parson.c */; };
		2558579420950C6700816F65 /* CoordCalc.cpp in Sources */ = {isa = PBXBuildFile; fileRef = 2558579320950C6700816F65 /* CoordCalc.cpp */; };
		2564042421AAC75F001E2F2A /* libcurl.framework in Frameworks */ = {isa = PBXBuildFile; fileRef = 25A9FEF92164E199002BF424 /* libcurl.framework */; };
		2564042621AAC914001E2F2A /* Security.framework in Frameworks */ = {isa = PBXBuildFile; fileRef = 2564042521AAC914001E2F2A /* Security.framework */; };
		2564042A21AAC9B5001E2F2A /* GSS.framework in Frameworks */ = {isa = PBXBuildFile; fileRef = 2564042921AAC9B5001E2F2A /* GSS.framework */; };
		2564042C21AACB05001E2F2A /* libgssapi_krb5.tbd in Frameworks */ = {isa = PBXBuildFile; fileRef = 2564042B21AACB05001E2F2A /* libgssapi_krb5.tbd */; };
		2564042E21AACB3D001E2F2A /* libpng.framework in Frameworks */ = {isa = PBXBuildFile; fileRef = 2564042D21AACB3D001E2F2A /* libpng.framework */; };
		257A10992190E0A8007C1E04 /* ACInfoWnd.cpp in Sources */ = {isa = PBXBuildFile; fileRef = 257A10982190E0A8007C1E04 /* ACInfoWnd.cpp */; };
		2591F96C219700C200F0D436 /* LTFlightradar24.cpp in Sources */ = {isa = PBXBuildFile; fileRef = 2591F96B219700C200F0D436 /* LTFlightradar24.cpp */; };
		25ABEEFE219A1C2100F61413 /* LTVersion.cpp in Sources */ = {isa = PBXBuildFile; fileRef = 25ABEEFD219A1C2100F61413 /* LTVersion.cpp */; };
		25AE00D9213887AF00908E65 /* SettingsUI.cpp in Sources */ = {isa = PBXBuildFile; fileRef = 25AE00D8213887AF00908E65 /* SettingsUI.cpp */; };
		25BFBB9320DEE2DC00D52B6C /* LTChannel.cpp in Sources */ = {isa = PBXBuildFile; fileRef = 25BFBB9220DEE2DC00D52B6C /* LTChannel.cpp */; };
		25C0C8CD21866D540049F226 /* xplanemp.framework in Frameworks */ = {isa = PBXBuildFile; fileRef = 25C0C8CC21866D540049F226 /* xplanemp.framework */; };
		25C59458207A296500E52073 /* TextIO.cpp in Sources */ = {isa = PBXBuildFile; fileRef = 25C59456207A296500E52073 /* TextIO.cpp */; };
		25C5945A207A2B7600E52073 /* DataRefs.cpp in Sources */ = {isa = PBXBuildFile; fileRef = 25C59459207A2B7500E52073 /* DataRefs.cpp */; };
		25C59462207AB4D800E52073 /* LTAircraft.cpp in Sources */ = {isa = PBXBuildFile; fileRef = 25C59461207AB4D800E52073 /* LTAircraft.cpp */; };
		25C59465207ABDC700E52073 /* LTMain.cpp in Sources */ = {isa = PBXBuildFile; fileRef = 25C59464207ABDC700E52073 /* LTMain.cpp */; };
		25D29ABD207D48AA00A88505 /* XPLM.framework in Frameworks */ = {isa = PBXBuildFile; fileRef = 25D29ABB207D48AA00A88505 /* XPLM.framework */; };
		25D29ABE207D48AA00A88505 /* XPWidgets.framework in Frameworks */ = {isa = PBXBuildFile; fileRef = 25D29ABC207D48AA00A88505 /* XPWidgets.framework */; };
		25E9C2A9207D4F0D00D3C642 /* libz.1.2.11.tbd in Frameworks */ = {isa = PBXBuildFile; fileRef = 25E9C2A8207D4F0D00D3C642 /* libz.1.2.11.tbd */; };
		25E9C2AF207D5B8100D3C642 /* LTFlightData.cpp in Sources */ = {isa = PBXBuildFile; fileRef = 25E9C2AE207D5B8100D3C642 /* LTFlightData.cpp */; };
		D67297EB0F9E0FCC00CFD1FA /* LiveTraffic.cpp in Sources */ = {isa = PBXBuildFile; fileRef = D67297EA0F9E0FCC00CFD1FA /* LiveTraffic.cpp */; };
		D6A7BDAA16A1DEA200D1426A /* OpenGL.framework in Frameworks */ = {isa = PBXBuildFile; fileRef = D6A7BDA916A1DEA200D1426A /* OpenGL.framework */; };
		D6A7BDC116A1DEC000D1426A /* CoreFoundation.framework in Frameworks */ = {isa = PBXBuildFile; fileRef = D6A7BDC016A1DEC000D1426A /* CoreFoundation.framework */; };
/* End PBXBuildFile section */

/* Begin PBXCopyFilesBuildPhase section */
		251531BC21B863D000B5968A /* CopyFiles */ = {
			isa = PBXCopyFilesBuildPhase;
			buildActionMask = 2147483647;
			dstPath = "/Users/birger/Applications/X-Plane 11/Resources/plugins/LiveTraffic/64";
			dstSubfolderSpec = 0;
			files = (
				251531BD21B863F700B5968A /* mac.xpl in CopyFiles */,
			);
			runOnlyForDeploymentPostprocessing = 0;
		};
/* End PBXCopyFilesBuildPhase section */

/* Begin PBXFileReference section */
		25067F6A213F17FE004A861F /* TFWidgets.cpp */ = {isa = PBXFileReference; lastKnownFileType = sourcecode.cpp.cpp; path = TFWidgets.cpp; sourceTree = "<group>"; };
		251531BE21B867F900B5968A /* Log.txt */ = {isa = PBXFileReference; lastKnownFileType = text; name = Log.txt; path = "../../../Applications/X-Plane 11/Log.txt"; sourceTree = "<group>"; };
		2524805C208932D200E4D419 /* ADSBExchange.json */ = {isa = PBXFileReference; lastKnownFileType = text.json; path = ADSBExchange.json; sourceTree = "<group>"; };
		2540F51620D5963A00DCCF45 /* LICENSE_zlib.txt */ = {isa = PBXFileReference; lastKnownFileType = text; path = LICENSE_zlib.txt; sourceTree = "<group>"; };
		2540F51920D5AE9400DCCF45 /* OpenSky_MetadataAircraft.json */ = {isa = PBXFileReference; fileEncoding = 4; lastKnownFileType = text.json; path = OpenSky_MetadataAircraft.json; sourceTree = "<group>"; };
		2540F51A20D5B10C00DCCF45 /* OpenSky API.js */ = {isa = PBXFileReference; fileEncoding = 4; lastKnownFileType = sourcecode.javascript; path = "OpenSky API.js"; sourceTree = "<group>"; };
		2540F51B20D5B1B900DCCF45 /* aircraftDatabase.csv */ = {isa = PBXFileReference; fileEncoding = 4; lastKnownFileType = text; path = aircraftDatabase.csv; sourceTree = "<group>"; };
		254EA46F2083E403008A312F /* parson.c */ = {isa = PBXFileReference; fileEncoding = 4; lastKnownFileType = sourcecode.c.c; path = parson.c; sourceTree = "<group>"; };
		254EA4722083EA8B008A312F /* LICENSE_parson.txt */ = {isa = PBXFileReference; lastKnownFileType = text; path = LICENSE_parson.txt; sourceTree = "<group>"; };
		2558579320950C6700816F65 /* CoordCalc.cpp */ = {isa = PBXFileReference; fileEncoding = 4; lastKnownFileType = sourcecode.cpp.cpp; path = CoordCalc.cpp; sourceTree = "<group>"; };
		2558579A2095B86200816F65 /* adsbexchange32001 3x.json */ = {isa = PBXFileReference; lastKnownFileType = text.json; path = "adsbexchange32001 3x.json"; sourceTree = "<group>"; };
		2558579B2095B86200816F65 /* adsbexchange32001_1x_pretty.json */ = {isa = PBXFileReference; lastKnownFileType = text.json; path = adsbexchange32001_1x_pretty.json; sourceTree = "<group>"; };
		2558579C2095B86200816F65 /* ADSBExchange_20180402_1955_UTC.json */ = {isa = PBXFileReference; lastKnownFileType = text.json; path = ADSBExchange_20180402_1955_UTC.json; sourceTree = "<group>"; };
		2558579D2095B86200816F65 /* adsbexchange32001 1x.json */ = {isa = PBXFileReference; lastKnownFileType = text.json; path = "adsbexchange32001 1x.json"; sourceTree = "<group>"; };
		2558579E2095B86200816F65 /* OpenSky_20180420_1955_UTC.json */ = {isa = PBXFileReference; lastKnownFileType = text.json; path = OpenSky_20180420_1955_UTC.json; sourceTree = "<group>"; };
		255857A32095BBB500816F65 /* 2018-04-27-1021Z.json */ = {isa = PBXFileReference; fileEncoding = 4; lastKnownFileType = text.json; path = "2018-04-27-1021Z.json"; sourceTree = "<group>"; };
		255857A42095BBB500816F65 /* 2018-04-27-1020Z.json */ = {isa = PBXFileReference; fileEncoding = 4; lastKnownFileType = text.json; path = "2018-04-27-1020Z.json"; sourceTree = "<group>"; };
		255857A52095BBB500816F65 /* 2018-04-27-1022Z.json */ = {isa = PBXFileReference; fileEncoding = 4; lastKnownFileType = text.json; path = "2018-04-27-1022Z.json"; sourceTree = "<group>"; };
		255F35AE2097C0730080B78E /* DataRefs.txt */ = {isa = PBXFileReference; lastKnownFileType = text; name = DataRefs.txt; path = "/Users/birger/Programming/XPlane/LiveTraffic/../../../Applications/X-Plane 11/Resources/plugins/DataRefs.txt"; sourceTree = "<absolute>"; };
		25606F8D21B362790017D1EE /* readme.html */ = {isa = PBXFileReference; fileEncoding = 4; lastKnownFileType = text.html; path = readme.html; sourceTree = "<group>"; };
		2564042521AAC914001E2F2A /* Security.framework */ = {isa = PBXFileReference; lastKnownFileType = wrapper.framework; name = Security.framework; path = System/Library/Frameworks/Security.framework; sourceTree = SDKROOT; };
		2564042721AAC937001E2F2A /* LDAP.framework */ = {isa = PBXFileReference; lastKnownFileType = wrapper.framework; name = LDAP.framework; path = System/Library/Frameworks/LDAP.framework; sourceTree = SDKROOT; };
		2564042921AAC9B5001E2F2A /* GSS.framework */ = {isa = PBXFileReference; lastKnownFileType = wrapper.framework; name = GSS.framework; path = System/Library/Frameworks/GSS.framework; sourceTree = SDKROOT; };
		2564042B21AACB05001E2F2A /* libgssapi_krb5.tbd */ = {isa = PBXFileReference; lastKnownFileType = "sourcecode.text-based-dylib-definition"; name = libgssapi_krb5.tbd; path = usr/lib/libgssapi_krb5.tbd; sourceTree = SDKROOT; };
		2564042D21AACB3D001E2F2A /* libpng.framework */ = {isa = PBXFileReference; lastKnownFileType = wrapper.framework; name = libpng.framework; path = ../../Frameworks/libpng.framework; sourceTree = "<group>"; };
		2577B6A1216A93D1004B432D /* FlightModels.prf */ = {isa = PBXFileReference; lastKnownFileType = text; path = FlightModels.prf; sourceTree = "<group>"; };
		257A10982190E0A8007C1E04 /* ACInfoWnd.cpp */ = {isa = PBXFileReference; lastKnownFileType = sourcecode.cpp.cpp; path = ACInfoWnd.cpp; sourceTree = "<group>"; };
		25865AFF22065B8D009D5D9C /* RealTraffic dev1.0.pdf */ = {isa = PBXFileReference; lastKnownFileType = image.pdf; path = "RealTraffic dev1.0.pdf"; sourceTree = "<group>"; };
		25865B0022065B8D009D5D9C /* udp_listen.py */ = {isa = PBXFileReference; lastKnownFileType = text.script.python; path = udp_listen.py; sourceTree = "<group>"; };
		2588A8AA21AB4B37000B8126 /* MacOSX-Framework64Lib */ = {isa = PBXFileReference; lastKnownFileType = text.script.sh; path = "MacOSX-Framework64Lib"; sourceTree = "<group>"; };
		2591F96A219700AD00F0D436 /* LTFlightradar24.h */ = {isa = PBXFileReference; lastKnownFileType = sourcecode.c.h; path = LTFlightradar24.h; sourceTree = "<group>"; };
		2591F96B219700C200F0D436 /* LTFlightradar24.cpp */ = {isa = PBXFileReference; lastKnownFileType = sourcecode.cpp.cpp; path = LTFlightradar24.cpp; sourceTree = "<group>"; };
		2594F0C821765F6400D91D39 /* Log_HoursOfExecution_For_Analysis.txt */ = {isa = PBXFileReference; fileEncoding = 4; lastKnownFileType = text; path = Log_HoursOfExecution_For_Analysis.txt; sourceTree = "<group>"; wrapsLines = 0; };
		25A095BE2203B01300658AA8 /* TextIO.h */ = {isa = PBXFileReference; lastKnownFileType = sourcecode.c.h; path = TextIO.h; sourceTree = "<group>"; };
		25A095BF2203B01300658AA8 /* LTFlightData.h */ = {isa = PBXFileReference; lastKnownFileType = sourcecode.c.h; path = LTFlightData.h; sourceTree = "<group>"; };
		25A095C02203B01300658AA8 /* CoordCalc.h */ = {isa = PBXFileReference; lastKnownFileType = sourcecode.c.h; path = CoordCalc.h; sourceTree = "<group>"; };
		25A095C12203B01300658AA8 /* parson.h */ = {isa = PBXFileReference; lastKnownFileType = sourcecode.c.h; path = parson.h; sourceTree = "<group>"; };
		25A095C22203B01300658AA8 /* LTChannel.h */ = {isa = PBXFileReference; lastKnownFileType = sourcecode.c.h; path = LTChannel.h; sourceTree = "<group>"; };
		25A095C32203B01300658AA8 /* SettingsUI.h */ = {isa = PBXFileReference; lastKnownFileType = sourcecode.c.h; path = SettingsUI.h; sourceTree = "<group>"; };
		25A095C42203B01300658AA8 /* TFWidgets.h */ = {isa = PBXFileReference; lastKnownFileType = sourcecode.c.h; path = TFWidgets.h; sourceTree = "<group>"; };
		25A095C52203B01300658AA8 /* Constants.h */ = {isa = PBXFileReference; lastKnownFileType = sourcecode.c.h; path = Constants.h; sourceTree = "<group>"; };
		25A095C62203B01300658AA8 /* ACInfoWnd.h */ = {isa = PBXFileReference; lastKnownFileType = sourcecode.c.h; path = ACInfoWnd.h; sourceTree = "<group>"; };
		25A095C72203B01300658AA8 /* DataRefs.h */ = {isa = PBXFileReference; lastKnownFileType = sourcecode.c.h; path = DataRefs.h; sourceTree = "<group>"; };
		25A095C82203B01300658AA8 /* LiveTraffic.h */ = {isa = PBXFileReference; lastKnownFileType = sourcecode.c.h; path = LiveTraffic.h; sourceTree = "<group>"; };
		25A095C92203B01300658AA8 /* LTAircraft.h */ = {isa = PBXFileReference; lastKnownFileType = sourcecode.c.h; path = LTAircraft.h; sourceTree = "<group>"; };
		25A095CE2203B0C500658AA8 /* XPLMPlanes.h */ = {isa = PBXFileReference; lastKnownFileType = sourcecode.c.h; path = XPLMPlanes.h; sourceTree = "<group>"; };
		25A095CF2203B0C500658AA8 /* XPLMDataAccess.h */ = {isa = PBXFileReference; lastKnownFileType = sourcecode.c.h; path = XPLMDataAccess.h; sourceTree = "<group>"; };
		25A095D02203B0C500658AA8 /* XPLMNavigation.h */ = {isa = PBXFileReference; lastKnownFileType = sourcecode.c.h; path = XPLMNavigation.h; sourceTree = "<group>"; };
		25A095D12203B0C500658AA8 /* XPLMGraphics.h */ = {isa = PBXFileReference; lastKnownFileType = sourcecode.c.h; path = XPLMGraphics.h; sourceTree = "<group>"; };
		25A095D22203B0C500658AA8 /* XPLMInstance.h */ = {isa = PBXFileReference; lastKnownFileType = sourcecode.c.h; path = XPLMInstance.h; sourceTree = "<group>"; };
		25A095D32203B0C500658AA8 /* XPLMPlugin.h */ = {isa = PBXFileReference; lastKnownFileType = sourcecode.c.h; path = XPLMPlugin.h; sourceTree = "<group>"; };
		25A095D42203B0C500658AA8 /* XPLMDisplay.h */ = {isa = PBXFileReference; lastKnownFileType = sourcecode.c.h; path = XPLMDisplay.h; sourceTree = "<group>"; };
		25A095D52203B0C500658AA8 /* XPLMProcessing.h */ = {isa = PBXFileReference; lastKnownFileType = sourcecode.c.h; path = XPLMProcessing.h; sourceTree = "<group>"; };
		25A095D62203B0C500658AA8 /* XPLMUtilities.h */ = {isa = PBXFileReference; lastKnownFileType = sourcecode.c.h; path = XPLMUtilities.h; sourceTree = "<group>"; };
		25A095D72203B0C500658AA8 /* XPLMMenus.h */ = {isa = PBXFileReference; lastKnownFileType = sourcecode.c.h; path = XPLMMenus.h; sourceTree = "<group>"; };
		25A095D82203B0C500658AA8 /* XPLMCamera.h */ = {isa = PBXFileReference; lastKnownFileType = sourcecode.c.h; path = XPLMCamera.h; sourceTree = "<group>"; };
		25A095D92203B0C500658AA8 /* XPLMMap.h */ = {isa = PBXFileReference; lastKnownFileType = sourcecode.c.h; path = XPLMMap.h; sourceTree = "<group>"; };
		25A095DA2203B0C500658AA8 /* XPLMDefs.h */ = {isa = PBXFileReference; lastKnownFileType = sourcecode.c.h; path = XPLMDefs.h; sourceTree = "<group>"; };
		25A095DB2203B0C500658AA8 /* XPLMScenery.h */ = {isa = PBXFileReference; lastKnownFileType = sourcecode.c.h; path = XPLMScenery.h; sourceTree = "<group>"; };
		25A095DD2203B0C500658AA8 /* XPCWidgetAttachments.h */ = {isa = PBXFileReference; lastKnownFileType = sourcecode.c.h; path = XPCWidgetAttachments.h; sourceTree = "<group>"; };
		25A095DE2203B0C500658AA8 /* XPCDisplay.cpp */ = {isa = PBXFileReference; lastKnownFileType = sourcecode.cpp.cpp; path = XPCDisplay.cpp; sourceTree = "<group>"; };
		25A095DF2203B0C500658AA8 /* XPCWidget.cpp */ = {isa = PBXFileReference; lastKnownFileType = sourcecode.cpp.cpp; path = XPCWidget.cpp; sourceTree = "<group>"; };
		25A095E02203B0C500658AA8 /* XPCListener.h */ = {isa = PBXFileReference; lastKnownFileType = sourcecode.c.h; path = XPCListener.h; sourceTree = "<group>"; };
		25A095E12203B0C500658AA8 /* XPCWidget.h */ = {isa = PBXFileReference; lastKnownFileType = sourcecode.c.h; path = XPCWidget.h; sourceTree = "<group>"; };
		25A095E22203B0C500658AA8 /* XPCListener.cpp */ = {isa = PBXFileReference; lastKnownFileType = sourcecode.cpp.cpp; path = XPCListener.cpp; sourceTree = "<group>"; };
		25A095E32203B0C500658AA8 /* XPCProcessing.h */ = {isa = PBXFileReference; lastKnownFileType = sourcecode.c.h; path = XPCProcessing.h; sourceTree = "<group>"; };
		25A095E42203B0C500658AA8 /* XPCWidgetAttachments.cpp */ = {isa = PBXFileReference; lastKnownFileType = sourcecode.cpp.cpp; path = XPCWidgetAttachments.cpp; sourceTree = "<group>"; };
		25A095E52203B0C500658AA8 /* XPCProcessing.cpp */ = {isa = PBXFileReference; lastKnownFileType = sourcecode.cpp.cpp; path = XPCProcessing.cpp; sourceTree = "<group>"; };
		25A095E62203B0C500658AA8 /* XPCBroadcaster.cpp */ = {isa = PBXFileReference; lastKnownFileType = sourcecode.cpp.cpp; path = XPCBroadcaster.cpp; sourceTree = "<group>"; };
		25A095E72203B0C500658AA8 /* XPCBroadcaster.h */ = {isa = PBXFileReference; lastKnownFileType = sourcecode.c.h; path = XPCBroadcaster.h; sourceTree = "<group>"; };
		25A095E82203B0C500658AA8 /* XPCDisplay.h */ = {isa = PBXFileReference; lastKnownFileType = sourcecode.c.h; path = XPCDisplay.h; sourceTree = "<group>"; };
		25A095EA2203B0C500658AA8 /* XPStandardWidgets.h */ = {isa = PBXFileReference; lastKnownFileType = sourcecode.c.h; path = XPStandardWidgets.h; sourceTree = "<group>"; };
		25A095EB2203B0C500658AA8 /* XPWidgetUtils.h */ = {isa = PBXFileReference; lastKnownFileType = sourcecode.c.h; path = XPWidgetUtils.h; sourceTree = "<group>"; };
		25A095EC2203B0C500658AA8 /* XPWidgets.h */ = {isa = PBXFileReference; lastKnownFileType = sourcecode.c.h; path = XPWidgets.h; sourceTree = "<group>"; };
		25A095ED2203B0C500658AA8 /* XPUIGraphics.h */ = {isa = PBXFileReference; lastKnownFileType = sourcecode.c.h; path = XPUIGraphics.h; sourceTree = "<group>"; };
		25A095EE2203B0C500658AA8 /* XPWidgetDefs.h */ = {isa = PBXFileReference; lastKnownFileType = sourcecode.c.h; path = XPWidgetDefs.h; sourceTree = "<group>"; };
		25A095F12203B0C500658AA8 /* XPLM_64.lib */ = {isa = PBXFileReference; lastKnownFileType = archive.ar; path = XPLM_64.lib; sourceTree = "<group>"; };
		25A095F22203B0C500658AA8 /* XPWidgets_64.lib */ = {isa = PBXFileReference; lastKnownFileType = archive.ar; path = XPWidgets_64.lib; sourceTree = "<group>"; };
		25A095F42203B0C500658AA8 /* XPWidgets.framework */ = {isa = PBXFileReference; lastKnownFileType = wrapper.framework; path = XPWidgets.framework; sourceTree = "<group>"; };
		25A095F52203B0C500658AA8 /* XPLM.framework */ = {isa = PBXFileReference; lastKnownFileType = wrapper.framework; path = XPLM.framework; sourceTree = "<group>"; };
		25A095F82203B0C500658AA8 /* XPLMProcessing.pas */ = {isa = PBXFileReference; lastKnownFileType = sourcecode.pascal; path = XPLMProcessing.pas; sourceTree = "<group>"; };
		25A095F92203B0C500658AA8 /* XPLMPlanes.pas */ = {isa = PBXFileReference; lastKnownFileType = sourcecode.pascal; path = XPLMPlanes.pas; sourceTree = "<group>"; };
		25A095FA2203B0C500658AA8 /* XPLMNavigation.pas */ = {isa = PBXFileReference; lastKnownFileType = sourcecode.pascal; path = XPLMNavigation.pas; sourceTree = "<group>"; };
		25A095FB2203B0C500658AA8 /* XPLMMenus.pas */ = {isa = PBXFileReference; lastKnownFileType = sourcecode.pascal; path = XPLMMenus.pas; sourceTree = "<group>"; };
		25A095FC2203B0C500658AA8 /* XPLMPlugin.pas */ = {isa = PBXFileReference; lastKnownFileType = sourcecode.pascal; path = XPLMPlugin.pas; sourceTree = "<group>"; };
		25A095FD2203B0C500658AA8 /* XPLMGraphics.pas */ = {isa = PBXFileReference; lastKnownFileType = sourcecode.pascal; path = XPLMGraphics.pas; sourceTree = "<group>"; };
		25A095FE2203B0C500658AA8 /* XPLMDisplay.pas */ = {isa = PBXFileReference; lastKnownFileType = sourcecode.pascal; path = XPLMDisplay.pas; sourceTree = "<group>"; };
		25A095FF2203B0C500658AA8 /* XPLMCamera.pas */ = {isa = PBXFileReference; lastKnownFileType = sourcecode.pascal; path = XPLMCamera.pas; sourceTree = "<group>"; };
		25A096002203B0C500658AA8 /* XPLMDataAccess.pas */ = {isa = PBXFileReference; lastKnownFileType = sourcecode.pascal; path = XPLMDataAccess.pas; sourceTree = "<group>"; };
		25A096012203B0C500658AA8 /* XPLMDefs.pas */ = {isa = PBXFileReference; lastKnownFileType = sourcecode.pascal; path = XPLMDefs.pas; sourceTree = "<group>"; };
		25A096022203B0C500658AA8 /* XPLMScenery.pas */ = {isa = PBXFileReference; lastKnownFileType = sourcecode.pascal; path = XPLMScenery.pas; sourceTree = "<group>"; };
		25A096032203B0C500658AA8 /* XPLMInstance.pas */ = {isa = PBXFileReference; lastKnownFileType = sourcecode.pascal; path = XPLMInstance.pas; sourceTree = "<group>"; };
		25A096042203B0C500658AA8 /* XPLMUtilities.pas */ = {isa = PBXFileReference; lastKnownFileType = sourcecode.pascal; path = XPLMUtilities.pas; sourceTree = "<group>"; };
		25A096052203B0C500658AA8 /* XPLMMap.pas */ = {isa = PBXFileReference; lastKnownFileType = sourcecode.pascal; path = XPLMMap.pas; sourceTree = "<group>"; };
		25A096072203B0C500658AA8 /* XPWidgetUtils.pas */ = {isa = PBXFileReference; lastKnownFileType = sourcecode.pascal; path = XPWidgetUtils.pas; sourceTree = "<group>"; };
		25A096082203B0C500658AA8 /* XPUIGraphics.pas */ = {isa = PBXFileReference; lastKnownFileType = sourcecode.pascal; path = XPUIGraphics.pas; sourceTree = "<group>"; };
		25A096092203B0C500658AA8 /* XPWidgetDefs.pas */ = {isa = PBXFileReference; lastKnownFileType = sourcecode.pascal; path = XPWidgetDefs.pas; sourceTree = "<group>"; };
		25A0960A2203B0C500658AA8 /* XPWidgets.pas */ = {isa = PBXFileReference; lastKnownFileType = sourcecode.pascal; path = XPWidgets.pas; sourceTree = "<group>"; };
		25A0960B2203B0C500658AA8 /* XPStandardWidgets.pas */ = {isa = PBXFileReference; lastKnownFileType = sourcecode.pascal; path = XPStandardWidgets.pas; sourceTree = "<group>"; };
		25A0960C2203B0C500658AA8 /* README.txt */ = {isa = PBXFileReference; lastKnownFileType = text; path = README.txt; sourceTree = "<group>"; };
		25A0960D2203B0C500658AA8 /* license.txt */ = {isa = PBXFileReference; lastKnownFileType = text; path = license.txt; sourceTree = "<group>"; };
		25A0960F2203B0C500658AA8 /* XPCAircraft.h */ = {isa = PBXFileReference; lastKnownFileType = sourcecode.c.h; path = XPCAircraft.h; sourceTree = "<group>"; };
		25A096102203B0C500658AA8 /* XPMPMultiplayer.h */ = {isa = PBXFileReference; lastKnownFileType = sourcecode.c.h; path = XPMPMultiplayer.h; sourceTree = "<group>"; };
		25A096112203B0C500658AA8 /* XPMPPlaneRenderer.h */ = {isa = PBXFileReference; lastKnownFileType = sourcecode.c.h; path = XPMPPlaneRenderer.h; sourceTree = "<group>"; };
		25A096122203B0C500658AA8 /* libxplanemp.a */ = {isa = PBXFileReference; lastKnownFileType = archive.ar; path = libxplanemp.a; sourceTree = "<group>"; };
		25A9FEF92164E199002BF424 /* libcurl.framework */ = {isa = PBXFileReference; lastKnownFileType = wrapper.framework; name = libcurl.framework; path = ../../Frameworks/libcurl.framework; sourceTree = "<group>"; };
		25AACA2D217A82FF0035DC20 /* Acceleration.psd */ = {isa = PBXFileReference; lastKnownFileType = file; path = Acceleration.psd; sourceTree = "<group>"; };
		25AACA2F217A99ED0035DC20 /* README.md */ = {isa = PBXFileReference; fileEncoding = 4; lastKnownFileType = net.daringfireball.markdown; path = README.md; sourceTree = "<group>"; wrapsLines = 1; };
		25AACA30217B2FCA0035DC20 /* LICENSE */ = {isa = PBXFileReference; lastKnownFileType = text; path = LICENSE; sourceTree = "<group>"; };
		25ABEEFD219A1C2100F61413 /* LTVersion.cpp */ = {isa = PBXFileReference; lastKnownFileType = sourcecode.cpp.cpp; path = LTVersion.cpp; sourceTree = "<group>"; };
		25AE00D8213887AF00908E65 /* SettingsUI.cpp */ = {isa = PBXFileReference; lastKnownFileType = sourcecode.cpp.cpp; path = SettingsUI.cpp; sourceTree = "<group>"; };
		25BBD2F921EA0F8300AEAA4B /* OpenSky_Routes.json */ = {isa = PBXFileReference; lastKnownFileType = text.json; path = OpenSky_Routes.json; sourceTree = "<group>"; };
		25BBD2FA21EA0FB400AEAA4B /* OpenSky_Metadata_Routes_combined.json */ = {isa = PBXFileReference; lastKnownFileType = text.json; path = OpenSky_Metadata_Routes_combined.json; sourceTree = "<group>"; };
		25BFBB9220DEE2DC00D52B6C /* LTChannel.cpp */ = {isa = PBXFileReference; lastKnownFileType = sourcecode.cpp.cpp; path = LTChannel.cpp; sourceTree = "<group>"; };
		25C0C8CC21866D540049F226 /* xplanemp.framework */ = {isa = PBXFileReference; lastKnownFileType = wrapper.framework; name = xplanemp.framework; path = ../../Frameworks/xplanemp.framework; sourceTree = "<group>"; };
		25C59456207A296500E52073 /* TextIO.cpp */ = {isa = PBXFileReference; lastKnownFileType = sourcecode.cpp.cpp; path = TextIO.cpp; sourceTree = "<group>"; };
		25C59459207A2B7500E52073 /* DataRefs.cpp */ = {isa = PBXFileReference; lastKnownFileType = sourcecode.cpp.cpp; path = DataRefs.cpp; sourceTree = "<group>"; };
		25C59461207AB4D800E52073 /* LTAircraft.cpp */ = {isa = PBXFileReference; lastKnownFileType = sourcecode.cpp.cpp; path = LTAircraft.cpp; sourceTree = "<group>"; };
		25C59464207ABDC700E52073 /* LTMain.cpp */ = {isa = PBXFileReference; lastKnownFileType = sourcecode.cpp.cpp; path = LTMain.cpp; sourceTree = "<group>"; };
		25D29ABB207D48AA00A88505 /* XPLM.framework */ = {isa = PBXFileReference; lastKnownFileType = wrapper.framework; name = XPLM.framework; path = ../../Frameworks/XPLM.framework; sourceTree = "<group>"; };
		25D29ABC207D48AA00A88505 /* XPWidgets.framework */ = {isa = PBXFileReference; lastKnownFileType = wrapper.framework; name = XPWidgets.framework; path = ../../Frameworks/XPWidgets.framework; sourceTree = "<group>"; };
		25D65429210C630800E65D77 /* BADA_Aircraft_Performance_Summary_Tables.pdf */ = {isa = PBXFileReference; lastKnownFileType = image.pdf; path = BADA_Aircraft_Performance_Summary_Tables.pdf; sourceTree = "<group>"; };
		25D6542A210C630800E65D77 /* Calc.xlsx */ = {isa = PBXFileReference; lastKnownFileType = file; path = Calc.xlsx; sourceTree = "<group>"; };
		25D6542B210C631B00E65D77 /* Deceleration.psd */ = {isa = PBXFileReference; lastKnownFileType = file; path = Deceleration.psd; sourceTree = "<group>"; };
		25D712A821B72E1700B5802F /* Doc8643.txt */ = {isa = PBXFileReference; lastKnownFileType = text; path = Doc8643.txt; sourceTree = "<group>"; };
		25D712A921B72EF900B5802F /* related.txt */ = {isa = PBXFileReference; lastKnownFileType = text; path = related.txt; sourceTree = "<group>"; };
		25D712AA21B72EF900B5802F /* lights.png */ = {isa = PBXFileReference; lastKnownFileType = image.png; path = lights.png; sourceTree = "<group>"; };
		25DC1E2A21B72922008D0F8B /* Data */ = {isa = PBXFileReference; lastKnownFileType = folder; path = Data; sourceTree = "<group>"; };
		25E9C2A8207D4F0D00D3C642 /* libz.1.2.11.tbd */ = {isa = PBXFileReference; lastKnownFileType = "sourcecode.text-based-dylib-definition"; name = libz.1.2.11.tbd; path = usr/lib/libz.1.2.11.tbd; sourceTree = SDKROOT; };
		25E9C2AE207D5B8100D3C642 /* LTFlightData.cpp */ = {isa = PBXFileReference; lastKnownFileType = sourcecode.cpp.cpp; path = LTFlightData.cpp; sourceTree = "<group>"; };
		25F5CBAA20813880004C232C /* Notes.txt */ = {isa = PBXFileReference; lastKnownFileType = text; path = Notes.txt; sourceTree = "<group>"; };
		D607B19909A556E400699BC3 /* mac.xpl */ = {isa = PBXFileReference; explicitFileType = "compiled.mach-o.dylib"; includeInIndex = 0; path = mac.xpl; sourceTree = BUILT_PRODUCTS_DIR; };
		D67297EA0F9E0FCC00CFD1FA /* LiveTraffic.cpp */ = {isa = PBXFileReference; fileEncoding = 4; lastKnownFileType = sourcecode.cpp.cpp; path = LiveTraffic.cpp; sourceTree = "<group>"; };
		D6A7BDA916A1DEA200D1426A /* OpenGL.framework */ = {isa = PBXFileReference; lastKnownFileType = wrapper.framework; name = OpenGL.framework; path = System/Library/Frameworks/OpenGL.framework; sourceTree = SDKROOT; };
		D6A7BDC016A1DEC000D1426A /* CoreFoundation.framework */ = {isa = PBXFileReference; lastKnownFileType = wrapper.framework; name = CoreFoundation.framework; path = System/Library/Frameworks/CoreFoundation.framework; sourceTree = SDKROOT; };
/* End PBXFileReference section */

/* Begin PBXFrameworksBuildPhase section */
		D607B19709A556E400699BC3 /* Frameworks */ = {
			isa = PBXFrameworksBuildPhase;
			buildActionMask = 2147483647;
			files = (
				D6A7BDC116A1DEC000D1426A /* CoreFoundation.framework in Frameworks */,
				2564042621AAC914001E2F2A /* Security.framework in Frameworks */,
				2564042A21AAC9B5001E2F2A /* GSS.framework in Frameworks */,
				2564042C21AACB05001E2F2A /* libgssapi_krb5.tbd in Frameworks */,
				D6A7BDAA16A1DEA200D1426A /* OpenGL.framework in Frameworks */,
				25E9C2A9207D4F0D00D3C642 /* libz.1.2.11.tbd in Frameworks */,
				2564042421AAC75F001E2F2A /* libcurl.framework in Frameworks */,
				2564042E21AACB3D001E2F2A /* libpng.framework in Frameworks */,
				25D29ABD207D48AA00A88505 /* XPLM.framework in Frameworks */,
				25D29ABE207D48AA00A88505 /* XPWidgets.framework in Frameworks */,
				25C0C8CD21866D540049F226 /* xplanemp.framework in Frameworks */,
			);
			runOnlyForDeploymentPostprocessing = 0;
		};
/* End PBXFrameworksBuildPhase section */

/* Begin PBXGroup section */
		2540F51720D5AAD900DCCF45 /* OpenSky */ = {
			isa = PBXGroup;
			children = (
				2540F51B20D5B1B900DCCF45 /* aircraftDatabase.csv */,
				2540F51A20D5B10C00DCCF45 /* OpenSky API.js */,
				2540F51920D5AE9400DCCF45 /* OpenSky_MetadataAircraft.json */,
				2558579E2095B86200816F65 /* OpenSky_20180420_1955_UTC.json */,
				25BBD2F921EA0F8300AEAA4B /* OpenSky_Routes.json */,
				25BBD2FA21EA0FB400AEAA4B /* OpenSky_Metadata_Routes_combined.json */,
			);
			path = OpenSky;
			sourceTree = "<group>";
		};
		254EA46D20834D5E008A312F /* docs */ = {
			isa = PBXGroup;
			children = (
				25606F8D21B362790017D1EE /* readme.html */,
				2588A8AA21AB4B37000B8126 /* MacOSX-Framework64Lib */,
				25AACA2D217A82FF0035DC20 /* Acceleration.psd */,
				2594F0C821765F6400D91D39 /* Log_HoursOfExecution_For_Analysis.txt */,
				25D6542B210C631B00E65D77 /* Deceleration.psd */,
				25D65429210C630800E65D77 /* BADA_Aircraft_Performance_Summary_Tables.pdf */,
				25D6542A210C630800E65D77 /* Calc.xlsx */,
				25F5CBAA20813880004C232C /* Notes.txt */,
				254EA4722083EA8B008A312F /* LICENSE_parson.txt */,
				2540F51620D5963A00DCCF45 /* LICENSE_zlib.txt */,
			);
			path = docs;
			sourceTree = "<group>";
		};
		255857972095B74300816F65 /* Data */ = {
			isa = PBXGroup;
			children = (
				25865AFE22065B8D009D5D9C /* RealTraffic */,
				2540F51720D5AAD900DCCF45 /* OpenSky */,
				2558579F2095BB6B00816F65 /* ADSB */,
			);
			path = Data;
			sourceTree = "<group>";
		};
		255857992095B78300816F65 /* Src */ = {
			isa = PBXGroup;
			children = (
				D67297EA0F9E0FCC00CFD1FA /* LiveTraffic.cpp */,
				25C59464207ABDC700E52073 /* LTMain.cpp */,
				25C59461207AB4D800E52073 /* LTAircraft.cpp */,
				25E9C2AE207D5B8100D3C642 /* LTFlightData.cpp */,
				25BFBB9220DEE2DC00D52B6C /* LTChannel.cpp */,
				2558579320950C6700816F65 /* CoordCalc.cpp */,
				25C59459207A2B7500E52073 /* DataRefs.cpp */,
				25C59456207A296500E52073 /* TextIO.cpp */,
				25AE00D8213887AF00908E65 /* SettingsUI.cpp */,
				257A10982190E0A8007C1E04 /* ACInfoWnd.cpp */,
				254EA46F2083E403008A312F /* parson.c */,
				25067F6A213F17FE004A861F /* TFWidgets.cpp */,
				25ABEEFD219A1C2100F61413 /* LTVersion.cpp */,
			);
			path = Src;
			sourceTree = "<group>";
		};
		2558579F2095BB6B00816F65 /* ADSB */ = {
			isa = PBXGroup;
			children = (
				255857A22095BB9500816F65 /* Historical */,
				255857A02095BB7A00816F65 /* REST */,
				255857A12095BB8800816F65 /* TCP Feed */,
			);
			path = ADSB;
			sourceTree = "<group>";
		};
		255857A02095BB7A00816F65 /* REST */ = {
			isa = PBXGroup;
			children = (
				2524805C208932D200E4D419 /* ADSBExchange.json */,
				2558579C2095B86200816F65 /* ADSBExchange_20180402_1955_UTC.json */,
			);
			path = REST;
			sourceTree = "<group>";
		};
		255857A12095BB8800816F65 /* TCP Feed */ = {
			isa = PBXGroup;
			children = (
				2558579D2095B86200816F65 /* adsbexchange32001 1x.json */,
				2558579A2095B86200816F65 /* adsbexchange32001 3x.json */,
				2558579B2095B86200816F65 /* adsbexchange32001_1x_pretty.json */,
			);
			path = "TCP Feed";
			sourceTree = "<group>";
		};
		255857A22095BB9500816F65 /* Historical */ = {
			isa = PBXGroup;
			children = (
				255857A42095BBB500816F65 /* 2018-04-27-1020Z.json */,
				255857A32095BBB500816F65 /* 2018-04-27-1021Z.json */,
				255857A52095BBB500816F65 /* 2018-04-27-1022Z.json */,
			);
			path = Historical;
			sourceTree = "<group>";
		};
		2577B6A0216A9397004B432D /* Resources */ = {
			isa = PBXGroup;
			children = (
				25D712AA21B72EF900B5802F /* lights.png */,
				25D712A921B72EF900B5802F /* related.txt */,
				25D712A821B72E1700B5802F /* Doc8643.txt */,
				2577B6A1216A93D1004B432D /* FlightModels.prf */,
			);
			path = Resources;
			sourceTree = "<group>";
		};
		25865AFE22065B8D009D5D9C /* RealTraffic */ = {
			isa = PBXGroup;
			children = (
				25865AFF22065B8D009D5D9C /* RealTraffic dev1.0.pdf */,
				25865B0022065B8D009D5D9C /* udp_listen.py */,
			);
			path = RealTraffic;
			sourceTree = "<group>";
		};
		2591F9692197008C00F0D436 /* Src */ = {
			isa = PBXGroup;
			children = (
				2591F96A219700AD00F0D436 /* LTFlightradar24.h */,
				2591F96B219700C200F0D436 /* LTFlightradar24.cpp */,
			);
			path = Src;
			sourceTree = "<group>";
		};
		25A095BD2203B01300658AA8 /* Include */ = {
			isa = PBXGroup;
			children = (
				25A095C52203B01300658AA8 /* Constants.h */,
				25A095C02203B01300658AA8 /* CoordCalc.h */,
				25A095C72203B01300658AA8 /* DataRefs.h */,
				25A095C82203B01300658AA8 /* LiveTraffic.h */,
				25A095C92203B01300658AA8 /* LTAircraft.h */,
				25A095C22203B01300658AA8 /* LTChannel.h */,
				25A095BF2203B01300658AA8 /* LTFlightData.h */,
				25A095BE2203B01300658AA8 /* TextIO.h */,
				25A095C62203B01300658AA8 /* ACInfoWnd.h */,
				25A095C32203B01300658AA8 /* SettingsUI.h */,
				25A095C42203B01300658AA8 /* TFWidgets.h */,
				25A095C12203B01300658AA8 /* parson.h */,
			);
			path = Include;
			sourceTree = "<group>";
		};
		25A095CA2203B0C500658AA8 /* Lib */ = {
			isa = PBXGroup;
			children = (
				25A095CB2203B0C500658AA8 /* XPSDK301 */,
				25A0960E2203B0C500658AA8 /* xplanemp */,
			);
			path = Lib;
			sourceTree = "<group>";
		};
		25A095CB2203B0C500658AA8 /* XPSDK301 */ = {
			isa = PBXGroup;
			children = (
				25A095CC2203B0C500658AA8 /* CHeaders */,
				25A095EF2203B0C500658AA8 /* Libraries */,
				25A095F62203B0C500658AA8 /* Delphi */,
				25A0960C2203B0C500658AA8 /* README.txt */,
				25A0960D2203B0C500658AA8 /* license.txt */,
			);
			path = XPSDK301;
			sourceTree = "<group>";
		};
		25A095CC2203B0C500658AA8 /* CHeaders */ = {
			isa = PBXGroup;
			children = (
				25A095CD2203B0C500658AA8 /* XPLM */,
				25A095DC2203B0C500658AA8 /* Wrappers */,
				25A095E92203B0C500658AA8 /* Widgets */,
			);
			path = CHeaders;
			sourceTree = "<group>";
		};
		25A095CD2203B0C500658AA8 /* XPLM */ = {
			isa = PBXGroup;
			children = (
				25A095CE2203B0C500658AA8 /* XPLMPlanes.h */,
				25A095CF2203B0C500658AA8 /* XPLMDataAccess.h */,
				25A095D02203B0C500658AA8 /* XPLMNavigation.h */,
				25A095D12203B0C500658AA8 /* XPLMGraphics.h */,
				25A095D22203B0C500658AA8 /* XPLMInstance.h */,
				25A095D32203B0C500658AA8 /* XPLMPlugin.h */,
				25A095D42203B0C500658AA8 /* XPLMDisplay.h */,
				25A095D52203B0C500658AA8 /* XPLMProcessing.h */,
				25A095D62203B0C500658AA8 /* XPLMUtilities.h */,
				25A095D72203B0C500658AA8 /* XPLMMenus.h */,
				25A095D82203B0C500658AA8 /* XPLMCamera.h */,
				25A095D92203B0C500658AA8 /* XPLMMap.h */,
				25A095DA2203B0C500658AA8 /* XPLMDefs.h */,
				25A095DB2203B0C500658AA8 /* XPLMScenery.h */,
			);
			path = XPLM;
			sourceTree = "<group>";
		};
		25A095DC2203B0C500658AA8 /* Wrappers */ = {
			isa = PBXGroup;
			children = (
				25A095DD2203B0C500658AA8 /* XPCWidgetAttachments.h */,
				25A095DE2203B0C500658AA8 /* XPCDisplay.cpp */,
				25A095DF2203B0C500658AA8 /* XPCWidget.cpp */,
				25A095E02203B0C500658AA8 /* XPCListener.h */,
				25A095E12203B0C500658AA8 /* XPCWidget.h */,
				25A095E22203B0C500658AA8 /* XPCListener.cpp */,
				25A095E32203B0C500658AA8 /* XPCProcessing.h */,
				25A095E42203B0C500658AA8 /* XPCWidgetAttachments.cpp */,
				25A095E52203B0C500658AA8 /* XPCProcessing.cpp */,
				25A095E62203B0C500658AA8 /* XPCBroadcaster.cpp */,
				25A095E72203B0C500658AA8 /* XPCBroadcaster.h */,
				25A095E82203B0C500658AA8 /* XPCDisplay.h */,
			);
			path = Wrappers;
			sourceTree = "<group>";
		};
		25A095E92203B0C500658AA8 /* Widgets */ = {
			isa = PBXGroup;
			children = (
				25A095EA2203B0C500658AA8 /* XPStandardWidgets.h */,
				25A095EB2203B0C500658AA8 /* XPWidgetUtils.h */,
				25A095EC2203B0C500658AA8 /* XPWidgets.h */,
				25A095ED2203B0C500658AA8 /* XPUIGraphics.h */,
				25A095EE2203B0C500658AA8 /* XPWidgetDefs.h */,
			);
			path = Widgets;
			sourceTree = "<group>";
		};
		25A095EF2203B0C500658AA8 /* Libraries */ = {
			isa = PBXGroup;
			children = (
				25A095F02203B0C500658AA8 /* Win */,
				25A095F32203B0C500658AA8 /* Mac */,
			);
			path = Libraries;
			sourceTree = "<group>";
		};
		25A095F02203B0C500658AA8 /* Win */ = {
			isa = PBXGroup;
			children = (
				25A095F12203B0C500658AA8 /* XPLM_64.lib */,
				25A095F22203B0C500658AA8 /* XPWidgets_64.lib */,
			);
			path = Win;
			sourceTree = "<group>";
		};
		25A095F32203B0C500658AA8 /* Mac */ = {
			isa = PBXGroup;
			children = (
				25A095F42203B0C500658AA8 /* XPWidgets.framework */,
				25A095F52203B0C500658AA8 /* XPLM.framework */,
			);
			path = Mac;
			sourceTree = "<group>";
		};
		25A095F62203B0C500658AA8 /* Delphi */ = {
			isa = PBXGroup;
			children = (
				25A095F72203B0C500658AA8 /* XPLM */,
				25A096062203B0C500658AA8 /* Widgets */,
			);
			path = Delphi;
			sourceTree = "<group>";
		};
		25A095F72203B0C500658AA8 /* XPLM */ = {
			isa = PBXGroup;
			children = (
				25A095F82203B0C500658AA8 /* XPLMProcessing.pas */,
				25A095F92203B0C500658AA8 /* XPLMPlanes.pas */,
				25A095FA2203B0C500658AA8 /* XPLMNavigation.pas */,
				25A095FB2203B0C500658AA8 /* XPLMMenus.pas */,
				25A095FC2203B0C500658AA8 /* XPLMPlugin.pas */,
				25A095FD2203B0C500658AA8 /* XPLMGraphics.pas */,
				25A095FE2203B0C500658AA8 /* XPLMDisplay.pas */,
				25A095FF2203B0C500658AA8 /* XPLMCamera.pas */,
				25A096002203B0C500658AA8 /* XPLMDataAccess.pas */,
				25A096012203B0C500658AA8 /* XPLMDefs.pas */,
				25A096022203B0C500658AA8 /* XPLMScenery.pas */,
				25A096032203B0C500658AA8 /* XPLMInstance.pas */,
				25A096042203B0C500658AA8 /* XPLMUtilities.pas */,
				25A096052203B0C500658AA8 /* XPLMMap.pas */,
			);
			path = XPLM;
			sourceTree = "<group>";
		};
		25A096062203B0C500658AA8 /* Widgets */ = {
			isa = PBXGroup;
			children = (
				25A096072203B0C500658AA8 /* XPWidgetUtils.pas */,
				25A096082203B0C500658AA8 /* XPUIGraphics.pas */,
				25A096092203B0C500658AA8 /* XPWidgetDefs.pas */,
				25A0960A2203B0C500658AA8 /* XPWidgets.pas */,
				25A0960B2203B0C500658AA8 /* XPStandardWidgets.pas */,
			);
			path = Widgets;
			sourceTree = "<group>";
		};
		25A0960E2203B0C500658AA8 /* xplanemp */ = {
			isa = PBXGroup;
			children = (
				25A0960F2203B0C500658AA8 /* XPCAircraft.h */,
				25A096102203B0C500658AA8 /* XPMPMultiplayer.h */,
				25A096112203B0C500658AA8 /* XPMPPlaneRenderer.h */,
				25A096122203B0C500658AA8 /* libxplanemp.a */,
			);
			path = xplanemp;
			sourceTree = "<group>";
		};
		25A3889B209884B50015266E /* Links */ = {
			isa = PBXGroup;
			children = (
				255F35AE2097C0730080B78E /* DataRefs.txt */,
				251531BE21B867F900B5968A /* Log.txt */,
			);
			name = Links;
			sourceTree = "<group>";
		};
		25A4CB8F2196FF4A00F6A9E2 /* NoGit */ = {
			isa = PBXGroup;
			children = (
				25DC1E2A21B72922008D0F8B /* Data */,
				2591F9692197008C00F0D436 /* Src */,
			);
			path = NoGit;
			sourceTree = "<group>";
		};
		D607B15F09A5563000699BC3 = {
			isa = PBXGroup;
			children = (
				25A095BD2203B01300658AA8 /* Include */,
				255857992095B78300816F65 /* Src */,
				25A095CA2203B0C500658AA8 /* Lib */,
				2577B6A0216A9397004B432D /* Resources */,
				254EA46D20834D5E008A312F /* docs */,
				255857972095B74300816F65 /* Data */,
				25AACA30217B2FCA0035DC20 /* LICENSE */,
				25AACA2F217A99ED0035DC20 /* README.md */,
				25A4CB8F2196FF4A00F6A9E2 /* NoGit */,
				25A3889B209884B50015266E /* Links */,
				D6A7BDAD16A1DEA700D1426A /* Frameworks */,
				D607B19A09A556E400699BC3 /* Products */,
			);
			sourceTree = "<group>";
		};
		D607B19A09A556E400699BC3 /* Products */ = {
			isa = PBXGroup;
			children = (
				D607B19909A556E400699BC3 /* mac.xpl */,
			);
			name = Products;
			sourceTree = "<group>";
		};
		D6A7BDAD16A1DEA700D1426A /* Frameworks */ = {
			isa = PBXGroup;
			children = (
				2564042D21AACB3D001E2F2A /* libpng.framework */,
				2564042B21AACB05001E2F2A /* libgssapi_krb5.tbd */,
				2564042921AAC9B5001E2F2A /* GSS.framework */,
				2564042721AAC937001E2F2A /* LDAP.framework */,
				2564042521AAC914001E2F2A /* Security.framework */,
				25E9C2A8207D4F0D00D3C642 /* libz.1.2.11.tbd */,
				25C0C8CC21866D540049F226 /* xplanemp.framework */,
				25A9FEF92164E199002BF424 /* libcurl.framework */,
				25D29ABB207D48AA00A88505 /* XPLM.framework */,
				25D29ABC207D48AA00A88505 /* XPWidgets.framework */,
				D6A7BDC016A1DEC000D1426A /* CoreFoundation.framework */,
				D6A7BDA916A1DEA200D1426A /* OpenGL.framework */,
			);
			name = Frameworks;
			sourceTree = "<group>";
		};
/* End PBXGroup section */

/* Begin PBXNativeTarget section */
		D607B19809A556E400699BC3 /* mac */ = {
			isa = PBXNativeTarget;
			buildConfigurationList = D607B19B09A556E400699BC3 /* Build configuration list for PBXNativeTarget "mac" */;
			buildPhases = (
				D607B19609A556E400699BC3 /* Sources */,
				D607B19709A556E400699BC3 /* Frameworks */,
				251531BC21B863D000B5968A /* CopyFiles */,
			);
			buildRules = (
			);
			dependencies = (
			);
			name = mac;
			productName = StarterPlugin;
			productReference = D607B19909A556E400699BC3 /* mac.xpl */;
			productType = "com.apple.product-type.library.dynamic";
		};
/* End PBXNativeTarget section */

/* Begin PBXProject section */
		D607B16109A5563100699BC3 /* Project object */ = {
			isa = PBXProject;
			attributes = {
				KnownAssetTags = (
					New,
				);
				LastUpgradeCheck = 1010;
			};
			buildConfigurationList = D607B16209A5563100699BC3 /* Build configuration list for PBXProject "LiveTraffic" */;
			compatibilityVersion = "Xcode 3.2";
			developmentRegion = English;
			hasScannedForEncodings = 0;
			knownRegions = (
				English,
				Japanese,
				French,
				German,
			);
			mainGroup = D607B15F09A5563000699BC3;
			productRefGroup = D607B19A09A556E400699BC3 /* Products */;
			projectDirPath = "";
			projectRoot = "";
			targets = (
				D607B19809A556E400699BC3 /* mac */,
			);
		};
/* End PBXProject section */

/* Begin PBXSourcesBuildPhase section */
		D607B19609A556E400699BC3 /* Sources */ = {
			isa = PBXSourcesBuildPhase;
			buildActionMask = 2147483647;
			files = (
				25ABEEFE219A1C2100F61413 /* LTVersion.cpp in Sources */,
				2558579420950C6700816F65 /* CoordCalc.cpp in Sources */,
				25C5945A207A2B7600E52073 /* DataRefs.cpp in Sources */,
				25BFBB9320DEE2DC00D52B6C /* LTChannel.cpp in Sources */,
				25C59458207A296500E52073 /* TextIO.cpp in Sources */,
				25AE00D9213887AF00908E65 /* SettingsUI.cpp in Sources */,
				25067F6B213F17FE004A861F /* TFWidgets.cpp in Sources */,
				2591F96C219700C200F0D436 /* LTFlightradar24.cpp in Sources */,
				D67297EB0F9E0FCC00CFD1FA /* LiveTraffic.cpp in Sources */,
				257A10992190E0A8007C1E04 /* ACInfoWnd.cpp in Sources */,
				254EA4702083E403008A312F /* parson.c in Sources */,
				25C59462207AB4D800E52073 /* LTAircraft.cpp in Sources */,
				25C59465207ABDC700E52073 /* LTMain.cpp in Sources */,
				25E9C2AF207D5B8100D3C642 /* LTFlightData.cpp in Sources */,
			);
			runOnlyForDeploymentPostprocessing = 0;
		};
/* End PBXSourcesBuildPhase section */

/* Begin XCBuildConfiguration section */
		D607B16309A5563100699BC3 /* Debug */ = {
			isa = XCBuildConfiguration;
			buildSettings = {
				ALWAYS_SEARCH_USER_PATHS = NO;
				CLANG_ANALYZER_LOCALIZABILITY_NONLOCALIZED = YES;
				CLANG_CXX_LANGUAGE_STANDARD = "c++17";
				CLANG_CXX_LIBRARY = "libc++";
				CLANG_WARN_BLOCK_CAPTURE_AUTORELEASING = YES;
				CLANG_WARN_BOOL_CONVERSION = YES;
				CLANG_WARN_COMMA = YES;
				CLANG_WARN_CONSTANT_CONVERSION = YES;
				CLANG_WARN_DEPRECATED_OBJC_IMPLEMENTATIONS = YES;
				CLANG_WARN_EMPTY_BODY = YES;
				CLANG_WARN_ENUM_CONVERSION = YES;
				CLANG_WARN_INFINITE_RECURSION = YES;
				CLANG_WARN_INT_CONVERSION = YES;
				CLANG_WARN_NON_LITERAL_NULL_CONVERSION = YES;
				CLANG_WARN_OBJC_IMPLICIT_RETAIN_SELF = YES;
				CLANG_WARN_OBJC_LITERAL_CONVERSION = YES;
				CLANG_WARN_RANGE_LOOP_ANALYSIS = YES;
				CLANG_WARN_STRICT_PROTOTYPES = YES;
				CLANG_WARN_SUSPICIOUS_MOVE = YES;
				CLANG_WARN_UNREACHABLE_CODE = YES;
				CLANG_WARN__DUPLICATE_METHOD_MATCH = YES;
				COPY_PHASE_STRIP = NO;
				CURRENT_PROJECT_VERSION = 0.92;
				DEBUG_INFORMATION_FORMAT = dwarf;
				DYLIB_COMPATIBILITY_VERSION = "";
				DYLIB_CURRENT_VERSION = "$(CURRENT_PROJECT_VERSION)";
				ENABLE_STRICT_OBJC_MSGSEND = YES;
				ENABLE_TESTABILITY = YES;
				EXECUTABLE_EXTENSION = xpl;
				FRAMEWORK_SEARCH_PATHS = /Users/birger/Programming/Frameworks;
				GCC_C_LANGUAGE_STANDARD = c11;
				GCC_NO_COMMON_BLOCKS = YES;
				GCC_OPTIMIZATION_LEVEL = 0;
				GCC_PREPROCESSOR_DEFINITIONS = (
					"APL=1",
					"IBM=0",
					"LIN=0",
					"XPLM200=1",
					"XPLM210=1",
					"XPLM300=1",
					"XPLM301=1",
					"__MACH__=1",
					"XUTILS_EXCLUDE_MAC_CRAP=1",
					CURL_STATICLIB,
					"DEBUG=1",
				);
				GCC_SYMBOLS_PRIVATE_EXTERN = YES;
				GCC_VERSION = "";
				GCC_WARN_64_TO_32_BIT_CONVERSION = YES;
				GCC_WARN_ABOUT_RETURN_TYPE = YES;
				GCC_WARN_UNDECLARED_SELECTOR = YES;
				GCC_WARN_UNINITIALIZED_AUTOS = YES;
				GCC_WARN_UNUSED_FUNCTION = YES;
				GCC_WARN_UNUSED_VARIABLE = YES;
				HEADER_SEARCH_PATHS = (
					"$(XPSDK_ROOT)/CHeaders/Widgets",
					"$(XPSDK_ROOT)/CHeaders/XPLM",
					"$(HEADER_SEARCH_PATHS)",
				);
				LIBRARY_SEARCH_PATHS = /Users/birger/Programming/Frameworks;
				MACH_O_TYPE = mh_dylib;
				MACOSX_DEPLOYMENT_TARGET = 10.9;
				ONLY_ACTIVE_ARCH = YES;
				OTHER_LDFLAGS = "$(OTHER_LDFLAGS)";
				PRODUCT_NAME = "${TARGET_NAME}";
				SDKROOT = macosx;
				XPSDK_ROOT = Lib/XPSDK301;
			};
			name = Debug;
		};
		D607B16409A5563100699BC3 /* Release */ = {
			isa = XCBuildConfiguration;
			buildSettings = {
				ALWAYS_SEARCH_USER_PATHS = NO;
				CLANG_ANALYZER_LOCALIZABILITY_NONLOCALIZED = YES;
				CLANG_CXX_LANGUAGE_STANDARD = "c++17";
				CLANG_CXX_LIBRARY = "libc++";
				CLANG_WARN_BLOCK_CAPTURE_AUTORELEASING = YES;
				CLANG_WARN_BOOL_CONVERSION = YES;
				CLANG_WARN_COMMA = YES;
				CLANG_WARN_CONSTANT_CONVERSION = YES;
				CLANG_WARN_DEPRECATED_OBJC_IMPLEMENTATIONS = YES;
				CLANG_WARN_EMPTY_BODY = YES;
				CLANG_WARN_ENUM_CONVERSION = YES;
				CLANG_WARN_INFINITE_RECURSION = YES;
				CLANG_WARN_INT_CONVERSION = YES;
				CLANG_WARN_NON_LITERAL_NULL_CONVERSION = YES;
				CLANG_WARN_OBJC_IMPLICIT_RETAIN_SELF = YES;
				CLANG_WARN_OBJC_LITERAL_CONVERSION = YES;
				CLANG_WARN_RANGE_LOOP_ANALYSIS = YES;
				CLANG_WARN_STRICT_PROTOTYPES = YES;
				CLANG_WARN_SUSPICIOUS_MOVE = YES;
				CLANG_WARN_UNREACHABLE_CODE = YES;
				CLANG_WARN__DUPLICATE_METHOD_MATCH = YES;
				COPY_PHASE_STRIP = NO;
				CURRENT_PROJECT_VERSION = 0.92;
				DEBUG_INFORMATION_FORMAT = "dwarf-with-dsym";
				DYLIB_COMPATIBILITY_VERSION = "";
				DYLIB_CURRENT_VERSION = "$(CURRENT_PROJECT_VERSION)";
				ENABLE_STRICT_OBJC_MSGSEND = YES;
				EXECUTABLE_EXTENSION = xpl;
				FRAMEWORK_SEARCH_PATHS = /Users/birger/Programming/Frameworks;
				GCC_C_LANGUAGE_STANDARD = c11;
				GCC_NO_COMMON_BLOCKS = YES;
				GCC_PREPROCESSOR_DEFINITIONS = (
					"APL=1",
					"IBM=0",
					"LIN=0",
					"XPLM200=1",
					"XPLM210=1",
					"XPLM300=1",
					"XPLM301=1",
					"__MACH__=1",
					"XUTILS_EXCLUDE_MAC_CRAP=1",
					CURL_STATICLIB,
				);
				GCC_SYMBOLS_PRIVATE_EXTERN = YES;
				GCC_VERSION = "";
				GCC_WARN_64_TO_32_BIT_CONVERSION = YES;
				GCC_WARN_ABOUT_RETURN_TYPE = YES;
				GCC_WARN_UNDECLARED_SELECTOR = YES;
				GCC_WARN_UNINITIALIZED_AUTOS = YES;
				GCC_WARN_UNUSED_FUNCTION = YES;
				GCC_WARN_UNUSED_VARIABLE = YES;
				HEADER_SEARCH_PATHS = (
					"$(XPSDK_ROOT)/CHeaders/Widgets",
					"$(XPSDK_ROOT)/CHeaders/XPLM",
					"$(HEADER_SEARCH_PATHS)",
				);
				LIBRARY_SEARCH_PATHS = /Users/birger/Programming/Frameworks;
				MACH_O_TYPE = mh_dylib;
				MACOSX_DEPLOYMENT_TARGET = 10.9;
				OTHER_LDFLAGS = "$(OTHER_LDFLAGS)";
				PRODUCT_NAME = "${TARGET_NAME}";
				SDKROOT = macosx;
				XPSDK_ROOT = Lib/XPSDK301;
			};
			name = Release;
		};
		D607B19C09A556E400699BC3 /* Debug */ = {
			isa = XCBuildConfiguration;
			buildSettings = {
				CLANG_ENABLE_OBJC_WEAK = YES;
				INFOPLIST_FILE = "$(SRCROOT)/Info.plist";
				OTHER_LDFLAGS = (
					"$(OTHER_LDFLAGS)",
					"-Wl,-exported_symbol",
					"-Wl,_XPluginStart",
					"-Wl,-exported_symbol",
					"-Wl,_XPluginEnable",
					"-Wl,-exported_symbol",
					"-Wl,_XPluginReceiveMessage",
					"-Wl,-exported_symbol",
					"-Wl,_XPluginDisable",
					"-Wl,-exported_symbol",
					"-Wl,_XPluginStop",
				);
				PRODUCT_BUNDLE_IDENTIFIER = TwinFan.plugin.LiveTraffic;
				PRODUCT_MODULE_NAME = "$(PRODUCT_NAME:c99extidentifier)";
				PRODUCT_NAME = mac;
				VALID_ARCHS = x86_64;
			};
			name = Debug;
		};
		D607B19D09A556E400699BC3 /* Release */ = {
			isa = XCBuildConfiguration;
			buildSettings = {
				CLANG_ENABLE_OBJC_WEAK = YES;
				DEVELOPMENT_TEAM = W5UR4ZV2BP;
				INFOPLIST_FILE = "$(SRCROOT)/Info.plist";
				OTHER_LDFLAGS = (
					"$(OTHER_LDFLAGS)",
					"-Wl,-exported_symbol",
					"-Wl,_XPluginStart",
					"-Wl,-exported_symbol",
					"-Wl,_XPluginEnable",
					"-Wl,-exported_symbol",
					"-Wl,_XPluginReceiveMessage",
					"-Wl,-exported_symbol",
					"-Wl,_XPluginDisable",
					"-Wl,-exported_symbol",
					"-Wl,_XPluginStop",
				);
				PRODUCT_BUNDLE_IDENTIFIER = TwinFan.plugin.LiveTraffic;
				PRODUCT_MODULE_NAME = "$(PRODUCT_NAME:c99extidentifier)";
				PRODUCT_NAME = mac;
				VALID_ARCHS = x86_64;
			};
			name = Release;
		};
/* End XCBuildConfiguration section */

/* Begin XCConfigurationList section */
		D607B16209A5563100699BC3 /* Build configuration list for PBXProject "LiveTraffic" */ = {
			isa = XCConfigurationList;
			buildConfigurations = (
				D607B16309A5563100699BC3 /* Debug */,
				D607B16409A5563100699BC3 /* Release */,
			);
			defaultConfigurationIsVisible = 0;
			defaultConfigurationName = Release;
		};
		D607B19B09A556E400699BC3 /* Build configuration list for PBXNativeTarget "mac" */ = {
			isa = XCConfigurationList;
			buildConfigurations = (
				D607B19C09A556E400699BC3 /* Debug */,
				D607B19D09A556E400699BC3 /* Release */,
			);
			defaultConfigurationIsVisible = 0;
			defaultConfigurationName = Release;
		};
/* End XCConfigurationList section */
	};
	rootObject = D607B16109A5563100699BC3 /* Project object */;
}
