// !$*UTF8*$!
{
	archiveVersion = 1;
	classes = {
	};
	objectVersion = 54;
	objects = {

/* Begin PBXBuildFile section */
		250F59C82530ECA100EF095C /* XPLM.framework in Frameworks */ = {isa = PBXBuildFile; fileRef = 250F59C72530ECA100EF095C /* XPLM.framework */; };
		251284AF274D829500B0F51A /* base64.c in Sources */ = {isa = PBXBuildFile; fileRef = 251284AE274D829500B0F51A /* base64.c */; };
		2515F41D248CF4CB00F18B76 /* imgui_stdlib.cpp in Sources */ = {isa = PBXBuildFile; fileRef = 2515F41C248CF4CB00F18B76 /* imgui_stdlib.cpp */; };
		2515F420248D022B00F18B76 /* LTImgWindow.cpp in Sources */ = {isa = PBXBuildFile; fileRef = 2515F41F248D022B00F18B76 /* LTImgWindow.cpp */; };
		254F278924EF230400CACCDA /* LTWeather.cpp in Sources */ = {isa = PBXBuildFile; fileRef = 254F278824EF230400CACCDA /* LTWeather.cpp */; };
		2558579420950C6700816F65 /* CoordCalc.cpp in Sources */ = {isa = PBXBuildFile; fileRef = 2558579320950C6700816F65 /* CoordCalc.cpp */; };
		25624BDA23B014F600B899E1 /* LTApt.cpp in Sources */ = {isa = PBXBuildFile; fileRef = 25624BD923B014F600B899E1 /* LTApt.cpp */; };
		2564042621AAC914001E2F2A /* Security.framework in Frameworks */ = {isa = PBXBuildFile; fileRef = 2564042521AAC914001E2F2A /* Security.framework */; };
		2564042A21AAC9B5001E2F2A /* GSS.framework in Frameworks */ = {isa = PBXBuildFile; fileRef = 2564042921AAC9B5001E2F2A /* GSS.framework */; };
		256CA1C3248C458D009F4AAE /* imgui_widgets.cpp in Sources */ = {isa = PBXBuildFile; fileRef = 256CA1BE248C458D009F4AAE /* imgui_widgets.cpp */; };
		256CA1C4248C458D009F4AAE /* imgui.cpp in Sources */ = {isa = PBXBuildFile; fileRef = 256CA1BF248C458D009F4AAE /* imgui.cpp */; };
		256CA1C5248C458D009F4AAE /* imgui_draw.cpp in Sources */ = {isa = PBXBuildFile; fileRef = 256CA1C2248C458D009F4AAE /* imgui_draw.cpp */; };
		256CA1CE248C5094009F4AAE /* ImgWindow.cpp in Sources */ = {isa = PBXBuildFile; fileRef = 256CA1CA248C5094009F4AAE /* ImgWindow.cpp */; };
		256CA1CF248C5094009F4AAE /* ImgFontAtlas.cpp in Sources */ = {isa = PBXBuildFile; fileRef = 256CA1CD248C5094009F4AAE /* ImgFontAtlas.cpp */; };
		256CA1D1248C58B6009F4AAE /* OpenGL.framework in Frameworks */ = {isa = PBXBuildFile; fileRef = D6A7BDA916A1DEA200D1426A /* OpenGL.framework */; };
		256ECE04274AB6F000B02B8F /* LTFSCharter.cpp in Sources */ = {isa = PBXBuildFile; fileRef = 256ECE03274AB6F000B02B8F /* LTFSCharter.cpp */; };
		257363172222C879005210C5 /* Network.cpp in Sources */ = {isa = PBXBuildFile; fileRef = 257363162222C879005210C5 /* Network.cpp */; };
		2573631A22233008005210C5 /* LTRealTraffic.cpp in Sources */ = {isa = PBXBuildFile; fileRef = 2573631922233008005210C5 /* LTRealTraffic.cpp */; };
		2573632022233CDA005210C5 /* LTADSBEx.cpp in Sources */ = {isa = PBXBuildFile; fileRef = 2573631E22233CDA005210C5 /* LTADSBEx.cpp */; };
		2573632122233CDA005210C5 /* LTOpenSky.cpp in Sources */ = {isa = PBXBuildFile; fileRef = 2573631F22233CDA005210C5 /* LTOpenSky.cpp */; };
		2575F44923ECC2C000747524 /* XPMP2.framework in Frameworks */ = {isa = PBXBuildFile; fileRef = 2575F44823ECC2C000747524 /* XPMP2.framework */; };
		257A10992190E0A8007C1E04 /* ACInfoWnd.cpp in Sources */ = {isa = PBXBuildFile; fileRef = 257A10982190E0A8007C1E04 /* ACInfoWnd.cpp */; };
		259EC47A2505959A009B86F3 /* LTOpenGlider.cpp in Sources */ = {isa = PBXBuildFile; fileRef = 259EC47925057815009B86F3 /* LTOpenGlider.cpp */; };
		25ABEEFE219A1C2100F61413 /* LTVersion.cpp in Sources */ = {isa = PBXBuildFile; fileRef = 25ABEEFD219A1C2100F61413 /* LTVersion.cpp */; };
		25AE00D9213887AF00908E65 /* SettingsUI.cpp in Sources */ = {isa = PBXBuildFile; fileRef = 25AE00D8213887AF00908E65 /* SettingsUI.cpp */; };
		25BFBB9320DEE2DC00D52B6C /* LTChannel.cpp in Sources */ = {isa = PBXBuildFile; fileRef = 25BFBB9220DEE2DC00D52B6C /* LTChannel.cpp */; };
		25C5254424D0268700C73482 /* InfoListWnd.cpp in Sources */ = {isa = PBXBuildFile; fileRef = 25C5254324D0268700C73482 /* InfoListWnd.cpp */; };
		25C59458207A296500E52073 /* TextIO.cpp in Sources */ = {isa = PBXBuildFile; fileRef = 25C59456207A296500E52073 /* TextIO.cpp */; };
		25C5945A207A2B7600E52073 /* DataRefs.cpp in Sources */ = {isa = PBXBuildFile; fileRef = 25C59459207A2B7500E52073 /* DataRefs.cpp */; };
		25C59462207AB4D800E52073 /* LTAircraft.cpp in Sources */ = {isa = PBXBuildFile; fileRef = 25C59461207AB4D800E52073 /* LTAircraft.cpp */; };
		25C59465207ABDC700E52073 /* LTMain.cpp in Sources */ = {isa = PBXBuildFile; fileRef = 25C59464207ABDC700E52073 /* LTMain.cpp */; };
		25D293F725C625710007C72E /* Cocoa.framework in Frameworks */ = {isa = PBXBuildFile; fileRef = 25D293F625C625710007C72E /* Cocoa.framework */; };
		25D293FD25C625C10007C72E /* libcurl.tbd in Frameworks */ = {isa = PBXBuildFile; fileRef = 25D293FC25C625C10007C72E /* libcurl.tbd */; };
		25E9C2AF207D5B8100D3C642 /* LTFlightData.cpp in Sources */ = {isa = PBXBuildFile; fileRef = 25E9C2AE207D5B8100D3C642 /* LTFlightData.cpp */; };
		25F3471C24D2C7DE004574E7 /* parson.c in Sources */ = {isa = PBXBuildFile; fileRef = 25F3471B24D2C7DE004574E7 /* parson.c */; settings = {COMPILER_FLAGS = "-Wno-sign-conversion"; }; };
		25F3471F24D2CB20004574E7 /* ACTable.cpp in Sources */ = {isa = PBXBuildFile; fileRef = 25F3471E24D2CB20004574E7 /* ACTable.cpp */; };
		25FEB7B9224D7B10002A051F /* LTForeFlight.cpp in Sources */ = {isa = PBXBuildFile; fileRef = 25FEB7B8224D7B10002A051F /* LTForeFlight.cpp */; };
		D67297EB0F9E0FCC00CFD1FA /* LiveTraffic.cpp in Sources */ = {isa = PBXBuildFile; fileRef = D67297EA0F9E0FCC00CFD1FA /* LiveTraffic.cpp */; };
		D6A7BDC116A1DEC000D1426A /* CoreFoundation.framework in Frameworks */ = {isa = PBXBuildFile; fileRef = D6A7BDC016A1DEC000D1426A /* CoreFoundation.framework */; };
/* End PBXBuildFile section */

/* Begin PBXFileReference section */
		250F59C72530ECA100EF095C /* XPLM.framework */ = {isa = PBXFileReference; lastKnownFileType = wrapper.framework; name = XPLM.framework; path = Lib/SDK/Libraries/Mac/XPLM.framework; sourceTree = "<group>"; };
		251284AD274D829500B0F51A /* base64.h */ = {isa = PBXFileReference; fileEncoding = 4; lastKnownFileType = sourcecode.c.h; path = base64.h; sourceTree = "<group>"; };
		251284AE274D829500B0F51A /* base64.c */ = {isa = PBXFileReference; fileEncoding = 4; lastKnownFileType = sourcecode.c.c; path = base64.c; sourceTree = "<group>"; };
		251414822512AB780066818B /* APRS_Test.py */ = {isa = PBXFileReference; lastKnownFileType = text.script.python; path = APRS_Test.py; sourceTree = "<group>"; };
		251414842512AB780066818B /* ddb.glidernet.org.txt */ = {isa = PBXFileReference; lastKnownFileType = text; path = ddb.glidernet.org.txt; sourceTree = "<group>"; };
		2515F41A248CF4CB00F18B76 /* imgui_stdlib.h */ = {isa = PBXFileReference; fileEncoding = 4; lastKnownFileType = sourcecode.c.h; path = imgui_stdlib.h; sourceTree = "<group>"; };
		2515F41C248CF4CB00F18B76 /* imgui_stdlib.cpp */ = {isa = PBXFileReference; fileEncoding = 4; lastKnownFileType = sourcecode.cpp.cpp; path = imgui_stdlib.cpp; sourceTree = "<group>"; };
		2515F41E248CF59C00F18B76 /* LTImgWindow.h */ = {isa = PBXFileReference; fileEncoding = 4; lastKnownFileType = sourcecode.c.h; path = LTImgWindow.h; sourceTree = "<group>"; };
		2515F41F248D022B00F18B76 /* LTImgWindow.cpp */ = {isa = PBXFileReference; fileEncoding = 4; lastKnownFileType = sourcecode.cpp.cpp; path = LTImgWindow.cpp; sourceTree = "<group>"; };
		2524805C208932D200E4D419 /* ADSBExchange.json */ = {isa = PBXFileReference; lastKnownFileType = text.json; path = ADSBExchange.json; sourceTree = "<group>"; };
		25364221221755B1000DC56F /* CMakeLists.txt */ = {isa = PBXFileReference; lastKnownFileType = text; path = CMakeLists.txt; sourceTree = "<group>"; };
		253C08C92761489D0011CCEE /* FSCharter */ = {isa = PBXFileReference; lastKnownFileType = folder; path = FSCharter; sourceTree = "<group>"; };
		2540F51920D5AE9400DCCF45 /* OpenSky_MetadataAircraft.json */ = {isa = PBXFileReference; fileEncoding = 4; lastKnownFileType = text.json; path = OpenSky_MetadataAircraft.json; sourceTree = "<group>"; };
		2540F51A20D5B10C00DCCF45 /* OpenSky API.js */ = {isa = PBXFileReference; fileEncoding = 4; lastKnownFileType = sourcecode.javascript; path = "OpenSky API.js"; sourceTree = "<group>"; };
		2540F51B20D5B1B900DCCF45 /* aircraftDatabase.csv */ = {isa = PBXFileReference; fileEncoding = 4; lastKnownFileType = text; path = aircraftDatabase.csv; sourceTree = "<group>"; };
		254813772582DA6100DA9588 /* notarize.sh */ = {isa = PBXFileReference; lastKnownFileType = text.script.sh; path = notarize.sh; sourceTree = "<group>"; };
		254F278724EF22FE00CACCDA /* LTWeather.h */ = {isa = PBXFileReference; fileEncoding = 4; lastKnownFileType = sourcecode.c.h; path = LTWeather.h; sourceTree = "<group>"; };
		254F278824EF230400CACCDA /* LTWeather.cpp */ = {isa = PBXFileReference; fileEncoding = 4; lastKnownFileType = sourcecode.cpp.cpp; path = LTWeather.cpp; sourceTree = "<group>"; };
		2558579320950C6700816F65 /* CoordCalc.cpp */ = {isa = PBXFileReference; fileEncoding = 4; lastKnownFileType = sourcecode.cpp.cpp; path = CoordCalc.cpp; sourceTree = "<group>"; };
		2558579A2095B86200816F65 /* adsbexchange32001 3x.json */ = {isa = PBXFileReference; lastKnownFileType = text.json; path = "adsbexchange32001 3x.json"; sourceTree = "<group>"; };
		2558579B2095B86200816F65 /* adsbexchange32001_1x_pretty.json */ = {isa = PBXFileReference; lastKnownFileType = text.json; path = adsbexchange32001_1x_pretty.json; sourceTree = "<group>"; };
		2558579C2095B86200816F65 /* ADSBExchange_20180402_1955_UTC.json */ = {isa = PBXFileReference; lastKnownFileType = text.json; path = ADSBExchange_20180402_1955_UTC.json; sourceTree = "<group>"; };
		2558579D2095B86200816F65 /* adsbexchange32001 1x.json */ = {isa = PBXFileReference; lastKnownFileType = text.json; path = "adsbexchange32001 1x.json"; sourceTree = "<group>"; };
		2558579E2095B86200816F65 /* OpenSky_20180420_1955_UTC.json */ = {isa = PBXFileReference; lastKnownFileType = text.json; path = OpenSky_20180420_1955_UTC.json; sourceTree = "<group>"; };
		255857A32095BBB500816F65 /* 2018-04-27-1021Z.json */ = {isa = PBXFileReference; fileEncoding = 4; lastKnownFileType = text.json; path = "2018-04-27-1021Z.json"; sourceTree = "<group>"; };
		255857A42095BBB500816F65 /* 2018-04-27-1020Z.json */ = {isa = PBXFileReference; fileEncoding = 4; lastKnownFileType = text.json; path = "2018-04-27-1020Z.json"; sourceTree = "<group>"; };
		255857A52095BBB500816F65 /* 2018-04-27-1022Z.json */ = {isa = PBXFileReference; fileEncoding = 4; lastKnownFileType = text.json; path = "2018-04-27-1022Z.json"; sourceTree = "<group>"; };
		25606F8D21B362790017D1EE /* readme.html */ = {isa = PBXFileReference; fileEncoding = 4; lastKnownFileType = text.html; path = readme.html; sourceTree = "<group>"; };
		25624BD923B014F600B899E1 /* LTApt.cpp */ = {isa = PBXFileReference; fileEncoding = 4; lastKnownFileType = sourcecode.cpp.cpp; path = LTApt.cpp; sourceTree = "<group>"; };
		25624BDB23B0150300B899E1 /* LTApt.h */ = {isa = PBXFileReference; lastKnownFileType = sourcecode.c.h; path = LTApt.h; sourceTree = "<group>"; };
		2564042521AAC914001E2F2A /* Security.framework */ = {isa = PBXFileReference; lastKnownFileType = wrapper.framework; name = Security.framework; path = System/Library/Frameworks/Security.framework; sourceTree = SDKROOT; };
		2564042921AAC9B5001E2F2A /* GSS.framework */ = {isa = PBXFileReference; lastKnownFileType = wrapper.framework; name = GSS.framework; path = System/Library/Frameworks/GSS.framework; sourceTree = SDKROOT; };
		256CA1BC248C458D009F4AAE /* imgui.h */ = {isa = PBXFileReference; fileEncoding = 4; lastKnownFileType = sourcecode.c.h; path = imgui.h; sourceTree = "<group>"; };
		256CA1BD248C458D009F4AAE /* imconfig.h */ = {isa = PBXFileReference; fileEncoding = 4; lastKnownFileType = sourcecode.c.h; path = imconfig.h; sourceTree = "<group>"; };
		256CA1BE248C458D009F4AAE /* imgui_widgets.cpp */ = {isa = PBXFileReference; fileEncoding = 4; lastKnownFileType = sourcecode.cpp.cpp; path = imgui_widgets.cpp; sourceTree = "<group>"; };
		256CA1BF248C458D009F4AAE /* imgui.cpp */ = {isa = PBXFileReference; fileEncoding = 4; lastKnownFileType = sourcecode.cpp.cpp; path = imgui.cpp; sourceTree = "<group>"; };
		256CA1C0248C458D009F4AAE /* imgui_internal.h */ = {isa = PBXFileReference; fileEncoding = 4; lastKnownFileType = sourcecode.c.h; path = imgui_internal.h; sourceTree = "<group>"; };
		256CA1C2248C458D009F4AAE /* imgui_draw.cpp */ = {isa = PBXFileReference; fileEncoding = 4; lastKnownFileType = sourcecode.cpp.cpp; path = imgui_draw.cpp; sourceTree = "<group>"; };
		256CA1C9248C5094009F4AAE /* ImgFontAtlas.h */ = {isa = PBXFileReference; fileEncoding = 4; lastKnownFileType = sourcecode.c.h; path = ImgFontAtlas.h; sourceTree = "<group>"; };
		256CA1CA248C5094009F4AAE /* ImgWindow.cpp */ = {isa = PBXFileReference; fileEncoding = 4; lastKnownFileType = sourcecode.cpp.cpp; path = ImgWindow.cpp; sourceTree = "<group>"; };
		256CA1CC248C5094009F4AAE /* ImgWindow.h */ = {isa = PBXFileReference; fileEncoding = 4; lastKnownFileType = sourcecode.c.h; path = ImgWindow.h; sourceTree = "<group>"; };
		256CA1CD248C5094009F4AAE /* ImgFontAtlas.cpp */ = {isa = PBXFileReference; fileEncoding = 4; lastKnownFileType = sourcecode.cpp.cpp; path = ImgFontAtlas.cpp; sourceTree = "<group>"; };
		256CA1D0248C511D009F4AAE /* SystemGL.h */ = {isa = PBXFileReference; fileEncoding = 4; lastKnownFileType = sourcecode.c.h; path = SystemGL.h; sourceTree = "<group>"; };
		256CA1D2248C6137009F4AAE /* build_LiveTraffic */ = {isa = PBXFileReference; lastKnownFileType = text.script.sh; path = build_LiveTraffic; sourceTree = "<group>"; };
		256ECE02274AB6D300B02B8F /* LTFSCharter.h */ = {isa = PBXFileReference; lastKnownFileType = sourcecode.c.h; path = LTFSCharter.h; sourceTree = "<group>"; };
		256ECE03274AB6F000B02B8F /* LTFSCharter.cpp */ = {isa = PBXFileReference; fileEncoding = 4; lastKnownFileType = sourcecode.cpp.cpp; path = LTFSCharter.cpp; sourceTree = "<group>"; };
		257363162222C879005210C5 /* Network.cpp */ = {isa = PBXFileReference; lastKnownFileType = sourcecode.cpp.cpp; path = Network.cpp; sourceTree = "<group>"; };
		257363182222C8E2005210C5 /* Network.h */ = {isa = PBXFileReference; lastKnownFileType = sourcecode.c.h; path = Network.h; sourceTree = "<group>"; };
		2573631922233008005210C5 /* LTRealTraffic.cpp */ = {isa = PBXFileReference; lastKnownFileType = sourcecode.cpp.cpp; path = LTRealTraffic.cpp; sourceTree = "<group>"; };
		2573631B22233041005210C5 /* LTRealTraffic.h */ = {isa = PBXFileReference; lastKnownFileType = sourcecode.c.h; path = LTRealTraffic.h; sourceTree = "<group>"; };
		2573631C22233CCA005210C5 /* LTOpenSky.h */ = {isa = PBXFileReference; lastKnownFileType = sourcecode.c.h; path = LTOpenSky.h; sourceTree = "<group>"; };
		2573631D22233CCA005210C5 /* LTADSBEx.h */ = {isa = PBXFileReference; lastKnownFileType = sourcecode.c.h; path = LTADSBEx.h; sourceTree = "<group>"; };
		2573631E22233CDA005210C5 /* LTADSBEx.cpp */ = {isa = PBXFileReference; fileEncoding = 4; lastKnownFileType = sourcecode.cpp.cpp; path = LTADSBEx.cpp; sourceTree = "<group>"; };
		2573631F22233CDA005210C5 /* LTOpenSky.cpp */ = {isa = PBXFileReference; fileEncoding = 4; lastKnownFileType = sourcecode.cpp.cpp; path = LTOpenSky.cpp; sourceTree = "<group>"; };
		2575F44823ECC2C000747524 /* XPMP2.framework */ = {isa = PBXFileReference; lastKnownFileType = wrapper.framework; name = XPMP2.framework; path = Lib/XPMP2/XPMP2.framework; sourceTree = "<group>"; };
		2577B6A1216A93D1004B432D /* FlightModels.prf */ = {isa = PBXFileReference; lastKnownFileType = text; path = FlightModels.prf; sourceTree = "<group>"; };
		257A10982190E0A8007C1E04 /* ACInfoWnd.cpp */ = {isa = PBXFileReference; lastKnownFileType = sourcecode.cpp.cpp; path = ACInfoWnd.cpp; sourceTree = "<group>"; };
		2582235225C209C2000A0903 /* Toolchain-ubuntu-osxcross.cmake */ = {isa = PBXFileReference; lastKnownFileType = text; path = "Toolchain-ubuntu-osxcross.cmake"; sourceTree = "<group>"; };
		2582235325C209C2000A0903 /* Toolchain-mingw-w64-x86-64.cmake */ = {isa = PBXFileReference; lastKnownFileType = text; path = "Toolchain-mingw-w64-x86-64.cmake"; sourceTree = "<group>"; };
		2582235625C20A95000A0903 /* Makefile */ = {isa = PBXFileReference; lastKnownFileType = sourcecode.make; path = Makefile; sourceTree = "<group>"; };
		2582235725C22635000A0903 /* build.sh */ = {isa = PBXFileReference; lastKnownFileType = text.script.sh; path = build.sh; sourceTree = "<group>"; };
		25865B0022065B8D009D5D9C /* udp_listen.py */ = {isa = PBXFileReference; lastKnownFileType = text.script.python; path = udp_listen.py; sourceTree = "<group>"; };
		2588A8AA21AB4B37000B8126 /* MacOSX-Framework64Lib */ = {isa = PBXFileReference; lastKnownFileType = text.script.sh; path = "MacOSX-Framework64Lib"; sourceTree = "<group>"; };
		258B581723BBFFC300753C82 /* MainPage.md */ = {isa = PBXFileReference; lastKnownFileType = net.daringfireball.markdown; path = MainPage.md; sourceTree = "<group>"; };
		258B581823BBFFC300753C82 /* LiveTraffic.doxygen */ = {isa = PBXFileReference; lastKnownFileType = text; path = LiveTraffic.doxygen; sourceTree = "<group>"; };
		258DDD9E2401DF4C0061E29A /* LiveTraffic.rc */ = {isa = PBXFileReference; lastKnownFileType = text; path = LiveTraffic.rc; sourceTree = "<group>"; };
		2591F96A219700AD00F0D436 /* LTFlightradar24.h */ = {isa = PBXFileReference; lastKnownFileType = sourcecode.c.h; path = LTFlightradar24.h; sourceTree = "<group>"; };
		2591F96B219700C200F0D436 /* LTFlightradar24.cpp */ = {isa = PBXFileReference; lastKnownFileType = sourcecode.cpp.cpp; path = LTFlightradar24.cpp; sourceTree = "<group>"; };
		2593063D22DB411500C82D4F /* LTAPI.h */ = {isa = PBXFileReference; lastKnownFileType = sourcecode.c.h; path = LTAPI.h; sourceTree = "<group>"; };
		259EC47825057802009B86F3 /* LTOpenGlider.h */ = {isa = PBXFileReference; lastKnownFileType = sourcecode.c.h; path = LTOpenGlider.h; sourceTree = "<group>"; };
		259EC47925057815009B86F3 /* LTOpenGlider.cpp */ = {isa = PBXFileReference; lastKnownFileType = sourcecode.cpp.cpp; path = LTOpenGlider.cpp; sourceTree = "<group>"; };
		25A095BE2203B01300658AA8 /* TextIO.h */ = {isa = PBXFileReference; lastKnownFileType = sourcecode.c.h; path = TextIO.h; sourceTree = "<group>"; };
		25A095BF2203B01300658AA8 /* LTFlightData.h */ = {isa = PBXFileReference; lastKnownFileType = sourcecode.c.h; path = LTFlightData.h; sourceTree = "<group>"; };
		25A095C02203B01300658AA8 /* CoordCalc.h */ = {isa = PBXFileReference; lastKnownFileType = sourcecode.c.h; path = CoordCalc.h; sourceTree = "<group>"; };
		25A095C22203B01300658AA8 /* LTChannel.h */ = {isa = PBXFileReference; lastKnownFileType = sourcecode.c.h; path = LTChannel.h; sourceTree = "<group>"; };
		25A095C32203B01300658AA8 /* SettingsUI.h */ = {isa = PBXFileReference; lastKnownFileType = sourcecode.c.h; path = SettingsUI.h; sourceTree = "<group>"; };
		25A095C52203B01300658AA8 /* Constants.h */ = {isa = PBXFileReference; lastKnownFileType = sourcecode.c.h; path = Constants.h; sourceTree = "<group>"; };
		25A095C62203B01300658AA8 /* ACInfoWnd.h */ = {isa = PBXFileReference; lastKnownFileType = sourcecode.c.h; path = ACInfoWnd.h; sourceTree = "<group>"; };
		25A095C72203B01300658AA8 /* DataRefs.h */ = {isa = PBXFileReference; lastKnownFileType = sourcecode.c.h; path = DataRefs.h; sourceTree = "<group>"; };
		25A095C82203B01300658AA8 /* LiveTraffic.h */ = {isa = PBXFileReference; lastKnownFileType = sourcecode.c.h; path = LiveTraffic.h; sourceTree = "<group>"; };
		25A095C92203B01300658AA8 /* LTAircraft.h */ = {isa = PBXFileReference; lastKnownFileType = sourcecode.c.h; path = LTAircraft.h; sourceTree = "<group>"; };
		25A70295241D911200D2E7EE /* Apt.md */ = {isa = PBXFileReference; lastKnownFileType = net.daringfireball.markdown; path = Apt.md; sourceTree = "<group>"; };
		25AACA2F217A99ED0035DC20 /* README.md */ = {isa = PBXFileReference; fileEncoding = 4; lastKnownFileType = net.daringfireball.markdown; path = README.md; sourceTree = "<group>"; wrapsLines = 1; };
		25AACA30217B2FCA0035DC20 /* LICENSE */ = {isa = PBXFileReference; lastKnownFileType = text; path = LICENSE; sourceTree = "<group>"; };
		25ABEEFD219A1C2100F61413 /* LTVersion.cpp */ = {isa = PBXFileReference; lastKnownFileType = sourcecode.cpp.cpp; path = LTVersion.cpp; sourceTree = "<group>"; };
		25AE00D8213887AF00908E65 /* SettingsUI.cpp */ = {isa = PBXFileReference; lastKnownFileType = sourcecode.cpp.cpp; path = SettingsUI.cpp; sourceTree = "<group>"; };
		25BBD2F921EA0F8300AEAA4B /* OpenSky_Routes.json */ = {isa = PBXFileReference; lastKnownFileType = text.json; path = OpenSky_Routes.json; sourceTree = "<group>"; };
		25BBD2FA21EA0FB400AEAA4B /* OpenSky_Metadata_Routes_combined.json */ = {isa = PBXFileReference; lastKnownFileType = text.json; path = OpenSky_Metadata_Routes_combined.json; sourceTree = "<group>"; };
		25BFBB9220DEE2DC00D52B6C /* LTChannel.cpp */ = {isa = PBXFileReference; lastKnownFileType = sourcecode.cpp.cpp; path = LTChannel.cpp; sourceTree = "<group>"; };
		25C5254224D0264700C73482 /* InfoListWnd.h */ = {isa = PBXFileReference; fileEncoding = 4; lastKnownFileType = sourcecode.c.h; path = InfoListWnd.h; sourceTree = "<group>"; };
		25C5254324D0268700C73482 /* InfoListWnd.cpp */ = {isa = PBXFileReference; fileEncoding = 4; lastKnownFileType = sourcecode.cpp.cpp; path = InfoListWnd.cpp; sourceTree = "<group>"; };
		25C59456207A296500E52073 /* TextIO.cpp */ = {isa = PBXFileReference; lastKnownFileType = sourcecode.cpp.cpp; path = TextIO.cpp; sourceTree = "<group>"; };
		25C59459207A2B7500E52073 /* DataRefs.cpp */ = {isa = PBXFileReference; lastKnownFileType = sourcecode.cpp.cpp; path = DataRefs.cpp; sourceTree = "<group>"; };
		25C59461207AB4D800E52073 /* LTAircraft.cpp */ = {isa = PBXFileReference; lastKnownFileType = sourcecode.cpp.cpp; path = LTAircraft.cpp; sourceTree = "<group>"; };
		25C59464207ABDC700E52073 /* LTMain.cpp */ = {isa = PBXFileReference; lastKnownFileType = sourcecode.cpp.cpp; path = LTMain.cpp; sourceTree = "<group>"; };
		25C7674527F62C2000082BBD /* RTdev2.0.pdf */ = {isa = PBXFileReference; lastKnownFileType = image.pdf; path = RTdev2.0.pdf; sourceTree = "<group>"; };
		25D09096222D7F0700D52057 /* udp_send.py */ = {isa = PBXFileReference; lastKnownFileType = text.script.python; path = udp_send.py; sourceTree = "<group>"; };
		25D293EB25C58C6A0007C72E /* SendTraffic.py */ = {isa = PBXFileReference; lastKnownFileType = text.script.python; path = SendTraffic.py; sourceTree = "<group>"; };
		25D293F625C625710007C72E /* Cocoa.framework */ = {isa = PBXFileReference; lastKnownFileType = wrapper.framework; name = Cocoa.framework; path = System/Library/Frameworks/Cocoa.framework; sourceTree = SDKROOT; };
		25D293FC25C625C10007C72E /* libcurl.tbd */ = {isa = PBXFileReference; lastKnownFileType = "sourcecode.text-based-dylib-definition"; name = libcurl.tbd; path = usr/lib/libcurl.tbd; sourceTree = SDKROOT; };
		25D59F4B23106A79002D81CF /* model_typecode.txt */ = {isa = PBXFileReference; lastKnownFileType = text; path = model_typecode.txt; sourceTree = "<group>"; };
		25D811002402D60A00A8723B /* README.md */ = {isa = PBXFileReference; lastKnownFileType = net.daringfireball.markdown; path = README.md; sourceTree = "<group>"; };
		25DC1E2A21B72922008D0F8B /* Data */ = {isa = PBXFileReference; lastKnownFileType = folder; path = Data; sourceTree = "<group>"; };
		25E9C2AE207D5B8100D3C642 /* LTFlightData.cpp */ = {isa = PBXFileReference; lastKnownFileType = sourcecode.cpp.cpp; path = LTFlightData.cpp; sourceTree = "<group>"; };
		25EFC76B249567BF005DB0A6 /* IconsFontAwesome5.h */ = {isa = PBXFileReference; lastKnownFileType = sourcecode.c.h; path = IconsFontAwesome5.h; sourceTree = "<group>"; };
		25EFC76C249567BF005DB0A6 /* fa-solid-900.inc */ = {isa = PBXFileReference; lastKnownFileType = sourcecode.pascal; path = "fa-solid-900.inc"; sourceTree = "<group>"; };
		25F3471A24D2C7DE004574E7 /* parson.h */ = {isa = PBXFileReference; fileEncoding = 4; lastKnownFileType = sourcecode.c.h; path = parson.h; sourceTree = "<group>"; };
		25F3471B24D2C7DE004574E7 /* parson.c */ = {isa = PBXFileReference; fileEncoding = 4; lastKnownFileType = sourcecode.c.c; path = parson.c; sourceTree = "<group>"; };
		25F3471D24D2CB15004574E7 /* ACTable.h */ = {isa = PBXFileReference; fileEncoding = 4; lastKnownFileType = sourcecode.c.h; path = ACTable.h; sourceTree = "<group>"; };
		25F3471E24D2CB20004574E7 /* ACTable.cpp */ = {isa = PBXFileReference; fileEncoding = 4; lastKnownFileType = sourcecode.cpp.cpp; path = ACTable.cpp; sourceTree = "<group>"; };
		25F5CBAA20813880004C232C /* Notes.txt */ = {isa = PBXFileReference; lastKnownFileType = text; path = Notes.txt; sourceTree = "<group>"; };
		25FEB7B8224D7B10002A051F /* LTForeFlight.cpp */ = {isa = PBXFileReference; lastKnownFileType = sourcecode.cpp.cpp; path = LTForeFlight.cpp; sourceTree = "<group>"; };
		25FEB7BA224D7C8C002A051F /* LTForeFlight.h */ = {isa = PBXFileReference; lastKnownFileType = sourcecode.c.h; path = LTForeFlight.h; sourceTree = "<group>"; };
		D607B19909A556E400699BC3 /* LiveTraffic.xpl */ = {isa = PBXFileReference; explicitFileType = "compiled.mach-o.dylib"; includeInIndex = 0; path = LiveTraffic.xpl; sourceTree = BUILT_PRODUCTS_DIR; };
		D67297EA0F9E0FCC00CFD1FA /* LiveTraffic.cpp */ = {isa = PBXFileReference; fileEncoding = 4; lastKnownFileType = sourcecode.cpp.cpp; path = LiveTraffic.cpp; sourceTree = "<group>"; };
		D6A7BDA916A1DEA200D1426A /* OpenGL.framework */ = {isa = PBXFileReference; lastKnownFileType = wrapper.framework; name = OpenGL.framework; path = System/Library/Frameworks/OpenGL.framework; sourceTree = SDKROOT; };
		D6A7BDC016A1DEC000D1426A /* CoreFoundation.framework */ = {isa = PBXFileReference; lastKnownFileType = wrapper.framework; name = CoreFoundation.framework; path = System/Library/Frameworks/CoreFoundation.framework; sourceTree = SDKROOT; };
/* End PBXFileReference section */

/* Begin PBXFrameworksBuildPhase section */
		D607B19709A556E400699BC3 /* Frameworks */ = {
			isa = PBXFrameworksBuildPhase;
			buildActionMask = 2147483647;
			files = (
				25D293F725C625710007C72E /* Cocoa.framework in Frameworks */,
				D6A7BDC116A1DEC000D1426A /* CoreFoundation.framework in Frameworks */,
				2564042621AAC914001E2F2A /* Security.framework in Frameworks */,
				2564042A21AAC9B5001E2F2A /* GSS.framework in Frameworks */,
				256CA1D1248C58B6009F4AAE /* OpenGL.framework in Frameworks */,
				25D293FD25C625C10007C72E /* libcurl.tbd in Frameworks */,
				250F59C82530ECA100EF095C /* XPLM.framework in Frameworks */,
				2575F44923ECC2C000747524 /* XPMP2.framework in Frameworks */,
			);
			runOnlyForDeploymentPostprocessing = 0;
		};
/* End PBXFrameworksBuildPhase section */

/* Begin PBXGroup section */
		251284AC274D829500B0F51A /* base64 */ = {
			isa = PBXGroup;
			children = (
				251284AD274D829500B0F51A /* base64.h */,
				251284AE274D829500B0F51A /* base64.c */,
			);
			path = base64;
			sourceTree = "<group>";
		};
		251414812512AB770066818B /* OGN */ = {
			isa = PBXGroup;
			children = (
				251414822512AB780066818B /* APRS_Test.py */,
				251414842512AB780066818B /* ddb.glidernet.org.txt */,
			);
			path = OGN;
			sourceTree = "<group>";
		};
		2515F418248CF4CB00F18B76 /* misc */ = {
			isa = PBXGroup;
			children = (
				2515F419248CF4CB00F18B76 /* cpp */,
			);
			path = misc;
			sourceTree = "<group>";
		};
		2515F419248CF4CB00F18B76 /* cpp */ = {
			isa = PBXGroup;
			children = (
				2515F41A248CF4CB00F18B76 /* imgui_stdlib.h */,
				2515F41C248CF4CB00F18B76 /* imgui_stdlib.cpp */,
			);
			path = cpp;
			sourceTree = "<group>";
		};
		2540F51720D5AAD900DCCF45 /* OpenSky */ = {
			isa = PBXGroup;
			children = (
				2540F51B20D5B1B900DCCF45 /* aircraftDatabase.csv */,
				2540F51A20D5B10C00DCCF45 /* OpenSky API.js */,
				2540F51920D5AE9400DCCF45 /* OpenSky_MetadataAircraft.json */,
				2558579E2095B86200816F65 /* OpenSky_20180420_1955_UTC.json */,
				25BBD2F921EA0F8300AEAA4B /* OpenSky_Routes.json */,
				25BBD2FA21EA0FB400AEAA4B /* OpenSky_Metadata_Routes_combined.json */,
			);
			path = OpenSky;
			sourceTree = "<group>";
		};
		254EA46D20834D5E008A312F /* docs */ = {
			isa = PBXGroup;
			children = (
				25A70295241D911200D2E7EE /* Apt.md */,
				258B581823BBFFC300753C82 /* LiveTraffic.doxygen */,
				2588A8AA21AB4B37000B8126 /* MacOSX-Framework64Lib */,
				258B581723BBFFC300753C82 /* MainPage.md */,
				25F5CBAA20813880004C232C /* Notes.txt */,
				25606F8D21B362790017D1EE /* readme.html */,
			);
			path = docs;
			sourceTree = "<group>";
		};
		255857972095B74300816F65 /* Data */ = {
			isa = PBXGroup;
			children = (
				253C08C92761489D0011CCEE /* FSCharter */,
				251414812512AB770066818B /* OGN */,
				25865AFE22065B8D009D5D9C /* RealTraffic */,
				2540F51720D5AAD900DCCF45 /* OpenSky */,
				2558579F2095BB6B00816F65 /* ADSB */,
			);
			path = Data;
			sourceTree = "<group>";
		};
		255857992095B78300816F65 /* Src */ = {
			isa = PBXGroup;
			children = (
				257A10982190E0A8007C1E04 /* ACInfoWnd.cpp */,
				25F3471E24D2CB20004574E7 /* ACTable.cpp */,
				2558579320950C6700816F65 /* CoordCalc.cpp */,
				25C59459207A2B7500E52073 /* DataRefs.cpp */,
				25C5254324D0268700C73482 /* InfoListWnd.cpp */,
				D67297EA0F9E0FCC00CFD1FA /* LiveTraffic.cpp */,
				2573631E22233CDA005210C5 /* LTADSBEx.cpp */,
				25C59461207AB4D800E52073 /* LTAircraft.cpp */,
				25624BD923B014F600B899E1 /* LTApt.cpp */,
				25BFBB9220DEE2DC00D52B6C /* LTChannel.cpp */,
				25E9C2AE207D5B8100D3C642 /* LTFlightData.cpp */,
				25FEB7B8224D7B10002A051F /* LTForeFlight.cpp */,
				256ECE03274AB6F000B02B8F /* LTFSCharter.cpp */,
				2515F41F248D022B00F18B76 /* LTImgWindow.cpp */,
				25C59464207ABDC700E52073 /* LTMain.cpp */,
				259EC47925057815009B86F3 /* LTOpenGlider.cpp */,
				2573631F22233CDA005210C5 /* LTOpenSky.cpp */,
				2573631922233008005210C5 /* LTRealTraffic.cpp */,
				25ABEEFD219A1C2100F61413 /* LTVersion.cpp */,
				254F278824EF230400CACCDA /* LTWeather.cpp */,
				257363162222C879005210C5 /* Network.cpp */,
				25AE00D8213887AF00908E65 /* SettingsUI.cpp */,
				25C59456207A296500E52073 /* TextIO.cpp */,
			);
			path = Src;
			sourceTree = "<group>";
		};
		2558579F2095BB6B00816F65 /* ADSB */ = {
			isa = PBXGroup;
			children = (
				255857A22095BB9500816F65 /* Historical */,
				255857A02095BB7A00816F65 /* REST */,
				255857A12095BB8800816F65 /* TCP Feed */,
			);
			path = ADSB;
			sourceTree = "<group>";
		};
		255857A02095BB7A00816F65 /* REST */ = {
			isa = PBXGroup;
			children = (
				2524805C208932D200E4D419 /* ADSBExchange.json */,
				2558579C2095B86200816F65 /* ADSBExchange_20180402_1955_UTC.json */,
			);
			path = REST;
			sourceTree = "<group>";
		};
		255857A12095BB8800816F65 /* TCP Feed */ = {
			isa = PBXGroup;
			children = (
				2558579D2095B86200816F65 /* adsbexchange32001 1x.json */,
				2558579A2095B86200816F65 /* adsbexchange32001 3x.json */,
				2558579B2095B86200816F65 /* adsbexchange32001_1x_pretty.json */,
			);
			path = "TCP Feed";
			sourceTree = "<group>";
		};
		255857A22095BB9500816F65 /* Historical */ = {
			isa = PBXGroup;
			children = (
				255857A42095BBB500816F65 /* 2018-04-27-1020Z.json */,
				255857A32095BBB500816F65 /* 2018-04-27-1021Z.json */,
				255857A52095BBB500816F65 /* 2018-04-27-1022Z.json */,
			);
			path = Historical;
			sourceTree = "<group>";
		};
		256CA1BB248C458D009F4AAE /* ImGui */ = {
			isa = PBXGroup;
			children = (
				2515F418248CF4CB00F18B76 /* misc */,
				256CA1BC248C458D009F4AAE /* imgui.h */,
				256CA1BD248C458D009F4AAE /* imconfig.h */,
				256CA1BE248C458D009F4AAE /* imgui_widgets.cpp */,
				256CA1BF248C458D009F4AAE /* imgui.cpp */,
				256CA1C0248C458D009F4AAE /* imgui_internal.h */,
				256CA1C2248C458D009F4AAE /* imgui_draw.cpp */,
			);
			path = ImGui;
			sourceTree = "<group>";
		};
		256CA1C8248C5094009F4AAE /* ImgWindow */ = {
			isa = PBXGroup;
			children = (
				256CA1D0248C511D009F4AAE /* SystemGL.h */,
				256CA1C9248C5094009F4AAE /* ImgFontAtlas.h */,
				256CA1CA248C5094009F4AAE /* ImgWindow.cpp */,
				256CA1CC248C5094009F4AAE /* ImgWindow.h */,
				256CA1CD248C5094009F4AAE /* ImgFontAtlas.cpp */,
			);
			path = ImgWindow;
			sourceTree = "<group>";
		};
		2577B6A0216A9397004B432D /* Resources */ = {
			isa = PBXGroup;
			children = (
				25D293EB25C58C6A0007C72E /* SendTraffic.py */,
				25D59F4B23106A79002D81CF /* model_typecode.txt */,
				2577B6A1216A93D1004B432D /* FlightModels.prf */,
			);
			path = Resources;
			sourceTree = "<group>";
		};
		25865AFE22065B8D009D5D9C /* RealTraffic */ = {
			isa = PBXGroup;
			children = (
				25C7674527F62C2000082BBD /* RTdev2.0.pdf */,
				25865B0022065B8D009D5D9C /* udp_listen.py */,
				25D09096222D7F0700D52057 /* udp_send.py */,
			);
			path = RealTraffic;
			sourceTree = "<group>";
		};
		2591F9692197008C00F0D436 /* Src */ = {
			isa = PBXGroup;
			children = (
				2591F96A219700AD00F0D436 /* LTFlightradar24.h */,
				2591F96B219700C200F0D436 /* LTFlightradar24.cpp */,
			);
			path = Src;
			sourceTree = "<group>";
		};
		2593063C22DB411500C82D4F /* LTAPI */ = {
			isa = PBXGroup;
			children = (
				2593063D22DB411500C82D4F /* LTAPI.h */,
			);
			path = LTAPI;
			sourceTree = "<group>";
		};
		25A095BD2203B01300658AA8 /* Include */ = {
			isa = PBXGroup;
			children = (
				25A095C62203B01300658AA8 /* ACInfoWnd.h */,
				25F3471D24D2CB15004574E7 /* ACTable.h */,
				25A095C52203B01300658AA8 /* Constants.h */,
				25A095C02203B01300658AA8 /* CoordCalc.h */,
				25A095C72203B01300658AA8 /* DataRefs.h */,
				25C5254224D0264700C73482 /* InfoListWnd.h */,
				25A095C82203B01300658AA8 /* LiveTraffic.h */,
				2573631D22233CCA005210C5 /* LTADSBEx.h */,
				25A095C92203B01300658AA8 /* LTAircraft.h */,
				25624BDB23B0150300B899E1 /* LTApt.h */,
				25A095C22203B01300658AA8 /* LTChannel.h */,
				25A095BF2203B01300658AA8 /* LTFlightData.h */,
				25FEB7BA224D7C8C002A051F /* LTForeFlight.h */,
				256ECE02274AB6D300B02B8F /* LTFSCharter.h */,
				2515F41E248CF59C00F18B76 /* LTImgWindow.h */,
				259EC47825057802009B86F3 /* LTOpenGlider.h */,
				2573631C22233CCA005210C5 /* LTOpenSky.h */,
				2573631B22233041005210C5 /* LTRealTraffic.h */,
				254F278724EF22FE00CACCDA /* LTWeather.h */,
				257363182222C8E2005210C5 /* Network.h */,
				25A095C32203B01300658AA8 /* SettingsUI.h */,
				25A095BE2203B01300658AA8 /* TextIO.h */,
			);
			path = Include;
			sourceTree = "<group>";
		};
		25A095CA2203B0C500658AA8 /* Lib */ = {
			isa = PBXGroup;
			children = (
				251284AC274D829500B0F51A /* base64 */,
				25F3471824D2C7DE004574E7 /* parson */,
				25EFC76A249567BF005DB0A6 /* Font */,
				256CA1C8248C5094009F4AAE /* ImgWindow */,
				256CA1BB248C458D009F4AAE /* ImGui */,
				2593063C22DB411500C82D4F /* LTAPI */,
			);
			path = Lib;
			sourceTree = "<group>";
		};
		25A4CB8F2196FF4A00F6A9E2 /* NoGit */ = {
			isa = PBXGroup;
			children = (
				256CA1D2248C6137009F4AAE /* build_LiveTraffic */,
				254813772582DA6100DA9588 /* notarize.sh */,
				25DC1E2A21B72922008D0F8B /* Data */,
				2591F9692197008C00F0D436 /* Src */,
			);
			path = NoGit;
			sourceTree = "<group>";
		};
		25D810FD2402D60A00A8723B /* docker */ = {
			isa = PBXGroup;
			children = (
				2582235725C22635000A0903 /* build.sh */,
				2582235625C20A95000A0903 /* Makefile */,
				25D811002402D60A00A8723B /* README.md */,
				2582235325C209C2000A0903 /* Toolchain-mingw-w64-x86-64.cmake */,
				2582235225C209C2000A0903 /* Toolchain-ubuntu-osxcross.cmake */,
			);
			path = docker;
			sourceTree = "<group>";
		};
		25EFC76A249567BF005DB0A6 /* Font */ = {
			isa = PBXGroup;
			children = (
				25EFC76B249567BF005DB0A6 /* IconsFontAwesome5.h */,
				25EFC76C249567BF005DB0A6 /* fa-solid-900.inc */,
			);
			path = Font;
			sourceTree = "<group>";
		};
		25F3471824D2C7DE004574E7 /* parson */ = {
			isa = PBXGroup;
			children = (
				25F3471A24D2C7DE004574E7 /* parson.h */,
				25F3471B24D2C7DE004574E7 /* parson.c */,
			);
			path = parson;
			sourceTree = "<group>";
		};
		D607B15F09A5563000699BC3 = {
			isa = PBXGroup;
			children = (
				25AACA30217B2FCA0035DC20 /* LICENSE */,
				25AACA2F217A99ED0035DC20 /* README.md */,
				258DDD9E2401DF4C0061E29A /* LiveTraffic.rc */,
				25364221221755B1000DC56F /* CMakeLists.txt */,
				255857972095B74300816F65 /* Data */,
				25D810FD2402D60A00A8723B /* docker */,
				254EA46D20834D5E008A312F /* docs */,
				D6A7BDAD16A1DEA700D1426A /* Frameworks */,
				25A095BD2203B01300658AA8 /* Include */,
				25A095CA2203B0C500658AA8 /* Lib */,
				25A4CB8F2196FF4A00F6A9E2 /* NoGit */,
				D607B19A09A556E400699BC3 /* Products */,
				2577B6A0216A9397004B432D /* Resources */,
				255857992095B78300816F65 /* Src */,
			);
			sourceTree = "<group>";
		};
		D607B19A09A556E400699BC3 /* Products */ = {
			isa = PBXGroup;
			children = (
				D607B19909A556E400699BC3 /* LiveTraffic.xpl */,
			);
			name = Products;
			sourceTree = "<group>";
		};
		D6A7BDAD16A1DEA700D1426A /* Frameworks */ = {
			isa = PBXGroup;
			children = (
				25D293F625C625710007C72E /* Cocoa.framework */,
				D6A7BDC016A1DEC000D1426A /* CoreFoundation.framework */,
				2564042921AAC9B5001E2F2A /* GSS.framework */,
				25D293FC25C625C10007C72E /* libcurl.tbd */,
				D6A7BDA916A1DEA200D1426A /* OpenGL.framework */,
				2564042521AAC914001E2F2A /* Security.framework */,
				250F59C72530ECA100EF095C /* XPLM.framework */,
				2575F44823ECC2C000747524 /* XPMP2.framework */,
			);
			name = Frameworks;
			sourceTree = "<group>";
		};
/* End PBXGroup section */

/* Begin PBXNativeTarget section */
		D607B19809A556E400699BC3 /* LiveTraffic */ = {
			isa = PBXNativeTarget;
			buildConfigurationList = D607B19B09A556E400699BC3 /* Build configuration list for PBXNativeTarget "LiveTraffic" */;
			buildPhases = (
				D607B19609A556E400699BC3 /* Sources */,
				D607B19709A556E400699BC3 /* Frameworks */,
				255C337E2544DA0C002C166F /* ShellScript */,
			);
			buildRules = (
			);
			dependencies = (
			);
			name = LiveTraffic;
			productName = StarterPlugin;
			productReference = D607B19909A556E400699BC3 /* LiveTraffic.xpl */;
			productType = "com.apple.product-type.library.dynamic";
		};
/* End PBXNativeTarget section */

/* Begin PBXProject section */
		D607B16109A5563100699BC3 /* Project object */ = {
			isa = PBXProject;
			attributes = {
				KnownAssetTags = (
					New,
				);
				LastUpgradeCheck = 1340;
			};
			buildConfigurationList = D607B16209A5563100699BC3 /* Build configuration list for PBXProject "LiveTraffic" */;
			compatibilityVersion = "Xcode 3.2";
			developmentRegion = en;
			hasScannedForEncodings = 0;
			knownRegions = (
				Base,
				en,
			);
			mainGroup = D607B15F09A5563000699BC3;
			productRefGroup = D607B19A09A556E400699BC3 /* Products */;
			projectDirPath = "";
			projectRoot = "";
			targets = (
				D607B19809A556E400699BC3 /* LiveTraffic */,
			);
		};
/* End PBXProject section */

/* Begin PBXShellScriptBuildPhase section */
		255C337E2544DA0C002C166F /* ShellScript */ = {
			isa = PBXShellScriptBuildPhase;
			alwaysOutOfDate = 1;
			buildActionMask = 2147483647;
			files = (
			);
			inputFileListPaths = (
			);
			inputPaths = (
			);
			outputFileListPaths = (
			);
			outputPaths = (
			);
			runOnlyForDeploymentPostprocessing = 0;
			shellPath = /bin/sh;
			shellScript = "TAGS=\"TODO:|FIXME:\"\necho \"searching ${SRCROOT} for ${TAGS}\"\nfind {\"${SRCROOT}/Include\",\"${SRCROOT}/Src\"} \\( -name \"*.cpp\" -or -name \"*.h\" \\) -print0 | xargs -0 egrep --with-filename --line-number --only-matching \"($TAGS).*\\$\" | perl -p -e \"s/($TAGS)/ warning: \\$1/\"\n";
		};
/* End PBXShellScriptBuildPhase section */

/* Begin PBXSourcesBuildPhase section */
		D607B19609A556E400699BC3 /* Sources */ = {
			isa = PBXSourcesBuildPhase;
			buildActionMask = 2147483647;
			files = (
				25ABEEFE219A1C2100F61413 /* LTVersion.cpp in Sources */,
				2558579420950C6700816F65 /* CoordCalc.cpp in Sources */,
				25C5945A207A2B7600E52073 /* DataRefs.cpp in Sources */,
				25F3471C24D2C7DE004574E7 /* parson.c in Sources */,
				25F3471F24D2CB20004574E7 /* ACTable.cpp in Sources */,
				25BFBB9320DEE2DC00D52B6C /* LTChannel.cpp in Sources */,
				256CA1C5248C458D009F4AAE /* imgui_draw.cpp in Sources */,
				256CA1C4248C458D009F4AAE /* imgui.cpp in Sources */,
				256CA1CF248C5094009F4AAE /* ImgFontAtlas.cpp in Sources */,
				25C59458207A296500E52073 /* TextIO.cpp in Sources */,
				2573632122233CDA005210C5 /* LTOpenSky.cpp in Sources */,
				2573632022233CDA005210C5 /* LTADSBEx.cpp in Sources */,
				2515F420248D022B00F18B76 /* LTImgWindow.cpp in Sources */,
				257363172222C879005210C5 /* Network.cpp in Sources */,
				254F278924EF230400CACCDA /* LTWeather.cpp in Sources */,
				25AE00D9213887AF00908E65 /* SettingsUI.cpp in Sources */,
				2573631A22233008005210C5 /* LTRealTraffic.cpp in Sources */,
				D67297EB0F9E0FCC00CFD1FA /* LiveTraffic.cpp in Sources */,
				256CA1C3248C458D009F4AAE /* imgui_widgets.cpp in Sources */,
				2515F41D248CF4CB00F18B76 /* imgui_stdlib.cpp in Sources */,
				256ECE04274AB6F000B02B8F /* LTFSCharter.cpp in Sources */,
				257A10992190E0A8007C1E04 /* ACInfoWnd.cpp in Sources */,
				251284AF274D829500B0F51A /* base64.c in Sources */,
				25FEB7B9224D7B10002A051F /* LTForeFlight.cpp in Sources */,
				25C5254424D0268700C73482 /* InfoListWnd.cpp in Sources */,
				25624BDA23B014F600B899E1 /* LTApt.cpp in Sources */,
				256CA1CE248C5094009F4AAE /* ImgWindow.cpp in Sources */,
				25C59462207AB4D800E52073 /* LTAircraft.cpp in Sources */,
				25C59465207ABDC700E52073 /* LTMain.cpp in Sources */,
				25E9C2AF207D5B8100D3C642 /* LTFlightData.cpp in Sources */,
				259EC47A2505959A009B86F3 /* LTOpenGlider.cpp in Sources */,
			);
			runOnlyForDeploymentPostprocessing = 0;
		};
/* End PBXSourcesBuildPhase section */

/* Begin XCBuildConfiguration section */
		D607B16309A5563100699BC3 /* Debug */ = {
			isa = XCBuildConfiguration;
			buildSettings = {
				ALWAYS_SEARCH_USER_PATHS = NO;
				CLANG_ANALYZER_LOCALIZABILITY_NONLOCALIZED = YES;
				CLANG_CXX_LANGUAGE_STANDARD = "c++17";
				CLANG_CXX_LIBRARY = "libc++";
				CLANG_WARN_ASSIGN_ENUM = YES;
				CLANG_WARN_BLOCK_CAPTURE_AUTORELEASING = YES;
				CLANG_WARN_BOOL_CONVERSION = YES;
				CLANG_WARN_COMMA = YES;
				CLANG_WARN_CONSTANT_CONVERSION = YES;
				CLANG_WARN_DEPRECATED_OBJC_IMPLEMENTATIONS = YES;
				CLANG_WARN_DOCUMENTATION_COMMENTS = YES;
				CLANG_WARN_EMPTY_BODY = YES;
				CLANG_WARN_ENUM_CONVERSION = YES;
				CLANG_WARN_IMPLICIT_SIGN_CONVERSION = YES;
				CLANG_WARN_INFINITE_RECURSION = YES;
				CLANG_WARN_INT_CONVERSION = YES;
				CLANG_WARN_NON_LITERAL_NULL_CONVERSION = YES;
				CLANG_WARN_OBJC_IMPLICIT_RETAIN_SELF = YES;
				CLANG_WARN_OBJC_LITERAL_CONVERSION = YES;
				CLANG_WARN_RANGE_LOOP_ANALYSIS = YES;
				CLANG_WARN_STRICT_PROTOTYPES = YES;
				CLANG_WARN_SUSPICIOUS_IMPLICIT_CONVERSION = YES;
				CLANG_WARN_SUSPICIOUS_MOVE = YES;
				CLANG_WARN_UNREACHABLE_CODE = YES;
				CLANG_WARN__DUPLICATE_METHOD_MATCH = YES;
				CODE_SIGN_IDENTITY = "Developer ID Application";
				CODE_SIGN_STYLE = Manual;
				COPY_PHASE_STRIP = NO;
				CURRENT_PROJECT_VERSION = 2.05;
				DEBUG_INFORMATION_FORMAT = dwarf;
				DEVELOPMENT_TEAM = W5UR4ZV2BP;
				DSTROOT = "$(XPLANE11_ROOT)/Resources/plugins/$(PROJECT)";
				DYLIB_COMPATIBILITY_VERSION = "";
				DYLIB_CURRENT_VERSION = "$(CURRENT_PROJECT_VERSION)";
				ENABLE_HARDENED_RUNTIME = YES;
				ENABLE_STRICT_OBJC_MSGSEND = YES;
				ENABLE_TESTABILITY = YES;
				EXCLUDED_ARCHS = arm64;
				EXECUTABLE_EXTENSION = xpl;
				FRAMEWORK_SEARCH_PATHS = (
					"$(inherited)",
					"$(PROJECT_DIR)/Lib/SDK/Libraries/Mac",
					"$(PROJECT_DIR)/Lib/XPMP2",
				);
				GCC_C_LANGUAGE_STANDARD = c11;
				GCC_NO_COMMON_BLOCKS = YES;
				GCC_OPTIMIZATION_LEVEL = 0;
				GCC_PREPROCESSOR_DEFINITIONS = (
					"APL=1",
					"IBM=0",
					"LIN=0",
					"XPLM200=1",
					"XPLM210=1",
					"XPLM300=1",
					"XPLM301=1",
					"XPLM303=1",
					"DEBUG=1",
					"LIVETRAFFIC_VERSION=\"\"${LIVETRAFFIC_VER_MAJOR}.${LIVETRAFFIC_VER_MINOR}.${LIVETRAFFIC_VER_PATCH}\"\"",
					"LIVETRAFFIC_VER_MAJOR=${LIVETRAFFIC_VER_MAJOR}",
					"LIVETRAFFIC_VER_MINOR=${LIVETRAFFIC_VER_MINOR}",
					"LIVETRAFFIC_VER_PATCH=${LIVETRAFFIC_VER_PATCH}",
					"LIVETRAFFIC_VERSION_BETA=${LIVETRAFFIC_VERSION_BETA}",
				);
				GCC_SYMBOLS_PRIVATE_EXTERN = YES;
				GCC_VERSION = "";
				GCC_WARN_64_TO_32_BIT_CONVERSION = YES;
				GCC_WARN_ABOUT_MISSING_FIELD_INITIALIZERS = YES;
				GCC_WARN_ABOUT_RETURN_TYPE = YES;
				GCC_WARN_HIDDEN_VIRTUAL_FUNCTIONS = YES;
				GCC_WARN_NON_VIRTUAL_DESTRUCTOR = YES;
				GCC_WARN_SHADOW = YES;
				GCC_WARN_SIGN_COMPARE = YES;
				GCC_WARN_UNDECLARED_SELECTOR = YES;
				GCC_WARN_UNINITIALIZED_AUTOS = YES;
				GCC_WARN_UNUSED_FUNCTION = YES;
				GCC_WARN_UNUSED_LABEL = YES;
				GCC_WARN_UNUSED_PARAMETER = YES;
				GCC_WARN_UNUSED_VARIABLE = YES;
				HEADER_SEARCH_PATHS = (
					"Lib/SDK/CHeaders/**",
					Lib/XPMP2/XPMP2.framework/Headers,
					Lib/base64,
					Lib/parson,
					Lib/LTAPI,
					"Lib/ImGui/**",
					Lib/ImgWindow,
					Lib/Font,
					"$(HEADER_SEARCH_PATHS)",
				);
				LIVETRAFFIC_VERSION_BETA = 0;
				LIVETRAFFIC_VER_MAJOR = 3;
				LIVETRAFFIC_VER_MINOR = 0;
				LIVETRAFFIC_VER_PATCH = 0;
				LLVM_LTO = NO;
				MACH_O_TYPE = mh_dylib;
				MACOSX_DEPLOYMENT_TARGET = 10.12;
				ONLY_ACTIVE_ARCH = YES;
				OTHER_CODE_SIGN_FLAGS = "--timestamp";
				OTHER_LDFLAGS = "$(OTHER_LDFLAGS)";
				PRODUCT_NAME = "${TARGET_NAME}";
				SDKROOT = macosx;
				XPLANE11_ROOT = "$(USER_APPS_DIR)/X-Plane/Release";
			};
			name = Debug;
		};
		D607B16409A5563100699BC3 /* Release */ = {
			isa = XCBuildConfiguration;
			buildSettings = {
				ALWAYS_SEARCH_USER_PATHS = NO;
				CLANG_ANALYZER_LOCALIZABILITY_NONLOCALIZED = YES;
				CLANG_CXX_LANGUAGE_STANDARD = "c++17";
				CLANG_CXX_LIBRARY = "libc++";
				CLANG_WARN_ASSIGN_ENUM = YES;
				CLANG_WARN_BLOCK_CAPTURE_AUTORELEASING = YES;
				CLANG_WARN_BOOL_CONVERSION = YES;
				CLANG_WARN_COMMA = YES;
				CLANG_WARN_CONSTANT_CONVERSION = YES;
				CLANG_WARN_DEPRECATED_OBJC_IMPLEMENTATIONS = YES;
				CLANG_WARN_DOCUMENTATION_COMMENTS = YES;
				CLANG_WARN_EMPTY_BODY = YES;
				CLANG_WARN_ENUM_CONVERSION = YES;
				CLANG_WARN_IMPLICIT_SIGN_CONVERSION = YES;
				CLANG_WARN_INFINITE_RECURSION = YES;
				CLANG_WARN_INT_CONVERSION = YES;
				CLANG_WARN_NON_LITERAL_NULL_CONVERSION = YES;
				CLANG_WARN_OBJC_IMPLICIT_RETAIN_SELF = YES;
				CLANG_WARN_OBJC_LITERAL_CONVERSION = YES;
				CLANG_WARN_RANGE_LOOP_ANALYSIS = YES;
				CLANG_WARN_STRICT_PROTOTYPES = YES;
				CLANG_WARN_SUSPICIOUS_IMPLICIT_CONVERSION = YES;
				CLANG_WARN_SUSPICIOUS_MOVE = YES;
				CLANG_WARN_UNREACHABLE_CODE = YES;
				CLANG_WARN__DUPLICATE_METHOD_MATCH = YES;
				CODE_SIGN_IDENTITY = "Developer ID Application";
				CODE_SIGN_STYLE = Manual;
				CURRENT_PROJECT_VERSION = 2.05;
				DEBUG_INFORMATION_FORMAT = "dwarf-with-dsym";
				DEVELOPMENT_TEAM = W5UR4ZV2BP;
				DSTROOT = "$(XPLANE11_ROOT)/Resources/plugins/$(PROJECT)";
				DYLIB_COMPATIBILITY_VERSION = "";
				DYLIB_CURRENT_VERSION = "$(CURRENT_PROJECT_VERSION)";
				ENABLE_HARDENED_RUNTIME = YES;
				ENABLE_STRICT_OBJC_MSGSEND = YES;
				EXCLUDED_ARCHS = arm64;
				EXECUTABLE_EXTENSION = xpl;
				FRAMEWORK_SEARCH_PATHS = (
					"$(inherited)",
					"$(PROJECT_DIR)/Lib/SDK/Libraries/Mac",
					"$(PROJECT_DIR)/Lib/XPMP2",
				);
				GCC_C_LANGUAGE_STANDARD = c11;
				GCC_GENERATE_DEBUGGING_SYMBOLS = NO;
				GCC_NO_COMMON_BLOCKS = YES;
				GCC_PREPROCESSOR_DEFINITIONS = (
					"APL=1",
					"IBM=0",
					"LIN=0",
					"XPLM200=1",
					"XPLM210=1",
					"XPLM300=1",
					"XPLM301=1",
					"XPLM303=1",
					"NDEBUG=1",
					"LIVETRAFFIC_VERSION=\"\"${LIVETRAFFIC_VER_MAJOR}.${LIVETRAFFIC_VER_MINOR}.${LIVETRAFFIC_VER_PATCH}\"\"",
					"LIVETRAFFIC_VER_MAJOR=${LIVETRAFFIC_VER_MAJOR}",
					"LIVETRAFFIC_VER_MINOR=${LIVETRAFFIC_VER_MINOR}",
					"LIVETRAFFIC_VER_PATCH=${LIVETRAFFIC_VER_PATCH}",
					"LIVETRAFFIC_VERSION_BETA=${LIVETRAFFIC_VERSION_BETA}",
				);
				GCC_SYMBOLS_PRIVATE_EXTERN = YES;
				GCC_VERSION = "";
				GCC_WARN_64_TO_32_BIT_CONVERSION = YES;
				GCC_WARN_ABOUT_MISSING_FIELD_INITIALIZERS = YES;
				GCC_WARN_ABOUT_RETURN_TYPE = YES;
				GCC_WARN_HIDDEN_VIRTUAL_FUNCTIONS = YES;
				GCC_WARN_NON_VIRTUAL_DESTRUCTOR = YES;
				GCC_WARN_SHADOW = YES;
				GCC_WARN_SIGN_COMPARE = YES;
				GCC_WARN_UNDECLARED_SELECTOR = YES;
				GCC_WARN_UNINITIALIZED_AUTOS = YES;
				GCC_WARN_UNUSED_FUNCTION = YES;
				GCC_WARN_UNUSED_LABEL = YES;
				GCC_WARN_UNUSED_PARAMETER = YES;
				GCC_WARN_UNUSED_VARIABLE = YES;
				HEADER_SEARCH_PATHS = (
					"Lib/SDK/CHeaders/**",
					Lib/XPMP2/XPMP2.framework/Headers,
					Lib/base64,
					Lib/parson,
					Lib/LTAPI,
					"Lib/ImGui/**",
					Lib/ImgWindow,
					Lib/Font,
					"$(HEADER_SEARCH_PATHS)",
				);
				LIVETRAFFIC_VERSION_BETA = 0;
				LIVETRAFFIC_VER_MAJOR = 3;
				LIVETRAFFIC_VER_MINOR = 0;
				LIVETRAFFIC_VER_PATCH = 0;
				LLVM_LTO = YES;
				MACH_O_TYPE = mh_dylib;
				MACOSX_DEPLOYMENT_TARGET = 10.12;
				OTHER_CODE_SIGN_FLAGS = "--timestamp";
				OTHER_LDFLAGS = "$(OTHER_LDFLAGS)";
				PRODUCT_NAME = "${TARGET_NAME}";
				SDKROOT = macosx;
				XPLANE11_ROOT = "$(USER_APPS_DIR)/X-Plane/Release";
			};
			name = Release;
		};
		D607B19C09A556E400699BC3 /* Debug */ = {
			isa = XCBuildConfiguration;
			buildSettings = {
				CLANG_ENABLE_OBJC_WEAK = YES;
				CURRENT_PROJECT_VERSION = "${LIVETRAFFIC_VER_MAJOR}.${LIVETRAFFIC_VER_MINOR}.${LIVETRAFFIC_VER_PATCH}";
				DEPLOYMENT_LOCATION = YES;
				EXCLUDED_ARCHS = "";
				FRAMEWORK_SEARCH_PATHS = (
					"$(inherited)",
					"$(PROJECT_DIR)/Lib/XPMP2",
				);
				GCC_PREPROCESSOR_DEFINITIONS = (
					"APL=1",
					"IBM=0",
					"LIN=0",
					"XPLM200=1",
					"XPLM210=1",
					"XPLM300=1",
					"XPLM301=1",
					"XPLM303=1",
					"DEBUG=1",
					"LIVETRAFFIC_VER_MAJOR=${LIVETRAFFIC_VER_MAJOR}",
					"LIVETRAFFIC_VER_MINOR=${LIVETRAFFIC_VER_MINOR}",
					"LIVETRAFFIC_VER_PATCH=${LIVETRAFFIC_VER_PATCH}",
					"LIVETRAFFIC_VERSION_BETA=${LIVETRAFFIC_VERSION_BETA}",
				);
				INFOPLIST_FILE = "$(SRCROOT)/Info.plist";
				INSTALL_PATH = mac_x64;
				OTHER_LDFLAGS = (
					"$(OTHER_LDFLAGS)",
					"-Wl,-exported_symbol",
					"-Wl,_XPluginStart",
					"-Wl,-exported_symbol",
					"-Wl,_XPluginEnable",
					"-Wl,-exported_symbol",
					"-Wl,_XPluginReceiveMessage",
					"-Wl,-exported_symbol",
					"-Wl,_XPluginDisable",
					"-Wl,-exported_symbol",
					"-Wl,_XPluginStop",
				);
				PRODUCT_BUNDLE_IDENTIFIER = TwinFan.plugin.LiveTraffic;
				PRODUCT_MODULE_NAME = "$(PRODUCT_NAME:c99extidentifier)";
				PRODUCT_NAME = "${TARGETNAME}";
				VALID_ARCHS = x86_64;
			};
			name = Debug;
		};
		D607B19D09A556E400699BC3 /* Release */ = {
			isa = XCBuildConfiguration;
			buildSettings = {
				CLANG_ENABLE_OBJC_WEAK = YES;
				CURRENT_PROJECT_VERSION = "${LIVETRAFFIC_VER_MAJOR}.${LIVETRAFFIC_VER_MINOR}.${LIVETRAFFIC_VER_PATCH}";
				DEPLOYMENT_LOCATION = YES;
				EXCLUDED_ARCHS = "";
				FRAMEWORK_SEARCH_PATHS = (
					"$(inherited)",
					"$(PROJECT_DIR)/Lib/XPMP2",
				);
				GCC_PREPROCESSOR_DEFINITIONS = (
					"APL=1",
					"IBM=0",
					"LIN=0",
					"XPLM200=1",
					"XPLM210=1",
					"XPLM300=1",
					"XPLM301=1",
					"XPLM303=1",
					"NDEBUG=1",
					"LIVETRAFFIC_VER_MAJOR=${LIVETRAFFIC_VER_MAJOR}",
					"LIVETRAFFIC_VER_MINOR=${LIVETRAFFIC_VER_MINOR}",
					"LIVETRAFFIC_VER_PATCH=${LIVETRAFFIC_VER_PATCH}",
					"LIVETRAFFIC_VERSION_BETA=${LIVETRAFFIC_VERSION_BETA}",
				);
				INFOPLIST_FILE = "$(SRCROOT)/Info.plist";
				INSTALL_PATH = mac_x64;
				OTHER_LDFLAGS = (
					"$(OTHER_LDFLAGS)",
					"-Wl,-exported_symbol",
					"-Wl,_XPluginStart",
					"-Wl,-exported_symbol",
					"-Wl,_XPluginEnable",
					"-Wl,-exported_symbol",
					"-Wl,_XPluginReceiveMessage",
					"-Wl,-exported_symbol",
					"-Wl,_XPluginDisable",
					"-Wl,-exported_symbol",
					"-Wl,_XPluginStop",
				);
				PRODUCT_BUNDLE_IDENTIFIER = TwinFan.plugin.LiveTraffic;
				PRODUCT_MODULE_NAME = "$(PRODUCT_NAME:c99extidentifier)";
				PRODUCT_NAME = "${TARGETNAME}";
				VALID_ARCHS = x86_64;
			};
			name = Release;
		};
/* End XCBuildConfiguration section */

/* Begin XCConfigurationList section */
		D607B16209A5563100699BC3 /* Build configuration list for PBXProject "LiveTraffic" */ = {
			isa = XCConfigurationList;
			buildConfigurations = (
				D607B16309A5563100699BC3 /* Debug */,
				D607B16409A5563100699BC3 /* Release */,
			);
			defaultConfigurationIsVisible = 0;
			defaultConfigurationName = Release;
		};
		D607B19B09A556E400699BC3 /* Build configuration list for PBXNativeTarget "LiveTraffic" */ = {
			isa = XCConfigurationList;
			buildConfigurations = (
				D607B19C09A556E400699BC3 /* Debug */,
				D607B19D09A556E400699BC3 /* Release */,
			);
			defaultConfigurationIsVisible = 0;
			defaultConfigurationName = Release;
		};
/* End XCConfigurationList section */
	};
	rootObject = D607B16109A5563100699BC3 /* Project object */;
}
